// !$*UTF8*$!
{
	archiveVersion = 1;
	classes = {
	};
	objectVersion = 50;
	objects = {

/* Begin PBXBuildFile section */
		84421BED21CBEECF00F468F5 /* MorePresenter.swift in Sources */ = {isa = PBXBuildFile; fileRef = 84421BE721CBEECF00F468F5 /* MorePresenter.swift */; };
		84421BEE21CBEECF00F468F5 /* MoreRouter.swift in Sources */ = {isa = PBXBuildFile; fileRef = 84421BE821CBEECF00F468F5 /* MoreRouter.swift */; };
		84421BF021CBEECF00F468F5 /* MoreProtocols.swift in Sources */ = {isa = PBXBuildFile; fileRef = 84421BEA21CBEECF00F468F5 /* MoreProtocols.swift */; };
		84421BF121CBEECF00F468F5 /* MoreInteractor.swift in Sources */ = {isa = PBXBuildFile; fileRef = 84421BEB21CBEECF00F468F5 /* MoreInteractor.swift */; };
		84421BF821CBEF1E00F468F5 /* MoreCell.swift in Sources */ = {isa = PBXBuildFile; fileRef = 84421BF421CBEF1E00F468F5 /* MoreCell.swift */; };
		84421BF921CBEF1E00F468F5 /* MoreHeaderCell.swift in Sources */ = {isa = PBXBuildFile; fileRef = 84421BF521CBEF1E00F468F5 /* MoreHeaderCell.swift */; };
		84421BFA21CBEF1E00F468F5 /* MoreHeaderCell.xib in Resources */ = {isa = PBXBuildFile; fileRef = 84421BF621CBEF1E00F468F5 /* MoreHeaderCell.xib */; };
		84421BFB21CBEF1E00F468F5 /* MoreCell.xib in Resources */ = {isa = PBXBuildFile; fileRef = 84421BF721CBEF1E00F468F5 /* MoreCell.xib */; };
		84421BFE21CBEF7600F468F5 /* MoreViewController.xib in Resources */ = {isa = PBXBuildFile; fileRef = 84421BFC21CBEF7600F468F5 /* MoreViewController.xib */; };
		84421BFF21CBEF7600F468F5 /* MoreViewController.swift in Sources */ = {isa = PBXBuildFile; fileRef = 84421BFD21CBEF7600F468F5 /* MoreViewController.swift */; };
		84487C8621CB7E96008B25B2 /* Roboto-Black.ttf in Resources */ = {isa = PBXBuildFile; fileRef = 84487C8221CB7890008B25B2 /* Roboto-Black.ttf */; };
		84487C8721CB7E99008B25B2 /* Roboto-BlackItalic.ttf in Resources */ = {isa = PBXBuildFile; fileRef = 84487C7B21CB788F008B25B2 /* Roboto-BlackItalic.ttf */; };
		84487C8821CB7EA0008B25B2 /* Roboto-Bold.ttf in Resources */ = {isa = PBXBuildFile; fileRef = 84487C7A21CB788F008B25B2 /* Roboto-Bold.ttf */; };
		84487C8921CB7EA4008B25B2 /* Roboto-BoldItalic.ttf in Resources */ = {isa = PBXBuildFile; fileRef = 84487C7D21CB788F008B25B2 /* Roboto-BoldItalic.ttf */; };
		84487C8A21CB80D2008B25B2 /* Roboto-Italic.ttf in Resources */ = {isa = PBXBuildFile; fileRef = 84487C7C21CB788F008B25B2 /* Roboto-Italic.ttf */; };
		84487C8B21CB80D5008B25B2 /* Roboto-Light.ttf in Resources */ = {isa = PBXBuildFile; fileRef = 84487C7E21CB788F008B25B2 /* Roboto-Light.ttf */; };
		84487C8C21CB80D7008B25B2 /* Roboto-LightItalic.ttf in Resources */ = {isa = PBXBuildFile; fileRef = 84487C8421CB7890008B25B2 /* Roboto-LightItalic.ttf */; };
		84487C8D21CB80DB008B25B2 /* Roboto-Medium.ttf in Resources */ = {isa = PBXBuildFile; fileRef = 84487C7F21CB788F008B25B2 /* Roboto-Medium.ttf */; };
		84487C8E21CB80DE008B25B2 /* Roboto-MediumItalic.ttf in Resources */ = {isa = PBXBuildFile; fileRef = 84487C8021CB788F008B25B2 /* Roboto-MediumItalic.ttf */; };
		84487C8F21CB80E1008B25B2 /* Roboto-Regular.ttf in Resources */ = {isa = PBXBuildFile; fileRef = 84487C8321CB7890008B25B2 /* Roboto-Regular.ttf */; };
		84487C9021CB80F2008B25B2 /* Roboto-Thin.ttf in Resources */ = {isa = PBXBuildFile; fileRef = 84487C8121CB788F008B25B2 /* Roboto-Thin.ttf */; };
		84487C9121CB80F5008B25B2 /* Roboto-ThinItalic.ttf in Resources */ = {isa = PBXBuildFile; fileRef = 84487C8521CB7890008B25B2 /* Roboto-ThinItalic.ttf */; };
		84A92BED21CA518200148191 /* OganbanCustomTextfield.swift in Sources */ = {isa = PBXBuildFile; fileRef = 84A92BEB21CA518100148191 /* OganbanCustomTextfield.swift */; };
		84A92BEE21CA518200148191 /* OganbanCustomButton.swift in Sources */ = {isa = PBXBuildFile; fileRef = 84A92BEC21CA518200148191 /* OganbanCustomButton.swift */; };
		84A92BF621CA555900148191 /* LoginPresenter.swift in Sources */ = {isa = PBXBuildFile; fileRef = 84A92BF021CA555900148191 /* LoginPresenter.swift */; };
		84A92BF721CA555900148191 /* LoginRouter.swift in Sources */ = {isa = PBXBuildFile; fileRef = 84A92BF121CA555900148191 /* LoginRouter.swift */; };
		84A92BF821CA555900148191 /* LoginViewController.swift in Sources */ = {isa = PBXBuildFile; fileRef = 84A92BF221CA555900148191 /* LoginViewController.swift */; };
		84A92BF921CA555900148191 /* LoginProtocols.swift in Sources */ = {isa = PBXBuildFile; fileRef = 84A92BF321CA555900148191 /* LoginProtocols.swift */; };
		84A92BFA21CA555900148191 /* LoginInteractor.swift in Sources */ = {isa = PBXBuildFile; fileRef = 84A92BF421CA555900148191 /* LoginInteractor.swift */; };
		84A92BFB21CA555900148191 /* LoginViewController.xib in Resources */ = {isa = PBXBuildFile; fileRef = 84A92BF521CA555900148191 /* LoginViewController.xib */; };
		B355EF4F21C8EB3F00379F57 /* HomePresenter.swift in Sources */ = {isa = PBXBuildFile; fileRef = B355EF4921C8EB3F00379F57 /* HomePresenter.swift */; };
		B355EF5021C8EB3F00379F57 /* HomeRouter.swift in Sources */ = {isa = PBXBuildFile; fileRef = B355EF4A21C8EB3F00379F57 /* HomeRouter.swift */; };
		B355EF5121C8EB3F00379F57 /* HomeViewController.swift in Sources */ = {isa = PBXBuildFile; fileRef = B355EF4B21C8EB3F00379F57 /* HomeViewController.swift */; };
		B355EF5221C8EB3F00379F57 /* HomeProtocols.swift in Sources */ = {isa = PBXBuildFile; fileRef = B355EF4C21C8EB3F00379F57 /* HomeProtocols.swift */; };
		B355EF5321C8EB3F00379F57 /* HomeInteractor.swift in Sources */ = {isa = PBXBuildFile; fileRef = B355EF4D21C8EB3F00379F57 /* HomeInteractor.swift */; };
		B355EF5421C8EB3F00379F57 /* HomeViewController.xib in Resources */ = {isa = PBXBuildFile; fileRef = B355EF4E21C8EB3F00379F57 /* HomeViewController.xib */; };
		B355EF5C21C8FB1400379F57 /* SignUpPresenter.swift in Sources */ = {isa = PBXBuildFile; fileRef = B355EF5621C8FB1400379F57 /* SignUpPresenter.swift */; };
		B355EF5D21C8FB1400379F57 /* SignUpRouter.swift in Sources */ = {isa = PBXBuildFile; fileRef = B355EF5721C8FB1400379F57 /* SignUpRouter.swift */; };
		B355EF5E21C8FB1400379F57 /* SignUpViewController.swift in Sources */ = {isa = PBXBuildFile; fileRef = B355EF5821C8FB1400379F57 /* SignUpViewController.swift */; };
		B355EF5F21C8FB1400379F57 /* SignUpProtocols.swift in Sources */ = {isa = PBXBuildFile; fileRef = B355EF5921C8FB1400379F57 /* SignUpProtocols.swift */; };
		B355EF6021C8FB1400379F57 /* SignUpInteractor.swift in Sources */ = {isa = PBXBuildFile; fileRef = B355EF5A21C8FB1400379F57 /* SignUpInteractor.swift */; };
		B355EF6121C8FB1400379F57 /* SignUpViewController.xib in Resources */ = {isa = PBXBuildFile; fileRef = B355EF5B21C8FB1400379F57 /* SignUpViewController.xib */; };
		CB172B2E21C6A22A0068CF92 /* DeviceGenericParam.swift in Sources */ = {isa = PBXBuildFile; fileRef = CB172B2621C6A22A0068CF92 /* DeviceGenericParam.swift */; };
		CB172B2F21C6A22A0068CF92 /* BaseParam.swift in Sources */ = {isa = PBXBuildFile; fileRef = CB172B2721C6A22A0068CF92 /* BaseParam.swift */; };
		CB172B3921C6A26F0068CF92 /* APIError.swift in Sources */ = {isa = PBXBuildFile; fileRef = CB172B3321C6A26F0068CF92 /* APIError.swift */; };
		CB172B3A21C6A26F0068CF92 /* BaseResponse.swift in Sources */ = {isa = PBXBuildFile; fileRef = CB172B3521C6A26F0068CF92 /* BaseResponse.swift */; };
		CB172B3B21C6A26F0068CF92 /* Network.swift in Sources */ = {isa = PBXBuildFile; fileRef = CB172B3621C6A26F0068CF92 /* Network.swift */; };
		CB172B3C21C6A26F0068CF92 /* MapperData.swift in Sources */ = {isa = PBXBuildFile; fileRef = CB172B3721C6A26F0068CF92 /* MapperData.swift */; };
		CB172B3D21C6A26F0068CF92 /* NetworkRequest.swift in Sources */ = {isa = PBXBuildFile; fileRef = CB172B3821C6A26F0068CF92 /* NetworkRequest.swift */; };
		CB172B4021C6A2A20068CF92 /* Provider.swift in Sources */ = {isa = PBXBuildFile; fileRef = CB172B3F21C6A2A20068CF92 /* Provider.swift */; };
		CB172B4321C6A2AA0068CF92 /* EndPointType.swift in Sources */ = {isa = PBXBuildFile; fileRef = CB172B4221C6A2AA0068CF92 /* EndPointType.swift */; };
		CB172C0921C6A2EF0068CF92 /* PopUpNotificationContent.xib in Resources */ = {isa = PBXBuildFile; fileRef = CB172B4621C6A2EE0068CF92 /* PopUpNotificationContent.xib */; };
		CB172C0A21C6A2EF0068CF92 /* PopUpNotificationContent.swift in Sources */ = {isa = PBXBuildFile; fileRef = CB172B4721C6A2EE0068CF92 /* PopUpNotificationContent.swift */; };
		CB172C0B21C6A2EF0068CF92 /* PopUpNotification.swift in Sources */ = {isa = PBXBuildFile; fileRef = CB172B4821C6A2EE0068CF92 /* PopUpNotification.swift */; };
		CB172C0C21C6A2EF0068CF92 /* Localizable.strings in Resources */ = {isa = PBXBuildFile; fileRef = CB172B4A21C6A2EE0068CF92 /* Localizable.strings */; };
		CB172C0D21C6A2EF0068CF92 /* UIApplication+extension.swift in Sources */ = {isa = PBXBuildFile; fileRef = CB172B4E21C6A2EE0068CF92 /* UIApplication+extension.swift */; };
		CB172C0E21C6A2EF0068CF92 /* UIDevice+extension.swift in Sources */ = {isa = PBXBuildFile; fileRef = CB172B4F21C6A2EE0068CF92 /* UIDevice+extension.swift */; };
		CB172C0F21C6A2EF0068CF92 /* UIColor+extension.swift in Sources */ = {isa = PBXBuildFile; fileRef = CB172B5021C6A2EE0068CF92 /* UIColor+extension.swift */; };
		CB172C1021C6A2EF0068CF92 /* Int+extension.swift in Sources */ = {isa = PBXBuildFile; fileRef = CB172B5121C6A2EE0068CF92 /* Int+extension.swift */; };
		CB172C1121C6A2EF0068CF92 /* UIWindow+extension.swift in Sources */ = {isa = PBXBuildFile; fileRef = CB172B5221C6A2EE0068CF92 /* UIWindow+extension.swift */; };
		CB172C1221C6A2EF0068CF92 /* Date+extension.swift in Sources */ = {isa = PBXBuildFile; fileRef = CB172B5321C6A2EE0068CF92 /* Date+extension.swift */; };
		CB172C1321C6A2EF0068CF92 /* UIButton+extension.swift in Sources */ = {isa = PBXBuildFile; fileRef = CB172B5421C6A2EE0068CF92 /* UIButton+extension.swift */; };
		CB172C1421C6A2EF0068CF92 /* UIView+extension.swift in Sources */ = {isa = PBXBuildFile; fileRef = CB172B5521C6A2EE0068CF92 /* UIView+extension.swift */; };
		CB172C1521C6A2EF0068CF92 /* UIImage+extension.swift in Sources */ = {isa = PBXBuildFile; fileRef = CB172B5621C6A2EE0068CF92 /* UIImage+extension.swift */; };
		CB172C1621C6A2EF0068CF92 /* Bundle+extension.swift in Sources */ = {isa = PBXBuildFile; fileRef = CB172B5721C6A2EE0068CF92 /* Bundle+extension.swift */; };
		CB172C1721C6A2EF0068CF92 /* Double+extension.swift in Sources */ = {isa = PBXBuildFile; fileRef = CB172B5821C6A2EE0068CF92 /* Double+extension.swift */; };
		CB172C1821C6A2EF0068CF92 /* UIViewController+extension.swift in Sources */ = {isa = PBXBuildFile; fileRef = CB172B5921C6A2EE0068CF92 /* UIViewController+extension.swift */; };
		CB172C1921C6A2EF0068CF92 /* String+extension.swift in Sources */ = {isa = PBXBuildFile; fileRef = CB172B5A21C6A2EE0068CF92 /* String+extension.swift */; };
		CB172C1A21C6A2EF0068CF92 /* NSMutableAttributedString+Extension.swift in Sources */ = {isa = PBXBuildFile; fileRef = CB172B5B21C6A2EE0068CF92 /* NSMutableAttributedString+Extension.swift */; };
		CB172C1B21C6A2EF0068CF92 /* Bool+extension.swift in Sources */ = {isa = PBXBuildFile; fileRef = CB172B5C21C6A2EE0068CF92 /* Bool+extension.swift */; };
		CB172C1C21C6A2EF0068CF92 /* UICollectionView+extension.swift in Sources */ = {isa = PBXBuildFile; fileRef = CB172B5D21C6A2EE0068CF92 /* UICollectionView+extension.swift */; };
		CB172C1D21C6A2EF0068CF92 /* UITextField+extension.swift in Sources */ = {isa = PBXBuildFile; fileRef = CB172B5E21C6A2EE0068CF92 /* UITextField+extension.swift */; };
		CB172C1E21C6A2EF0068CF92 /* UISearchBar+extension.swift in Sources */ = {isa = PBXBuildFile; fileRef = CB172B5F21C6A2EE0068CF92 /* UISearchBar+extension.swift */; };
		CB172C1F21C6A2EF0068CF92 /* UITableView+extension.swift in Sources */ = {isa = PBXBuildFile; fileRef = CB172B6021C6A2EE0068CF92 /* UITableView+extension.swift */; };
		CB172C2021C6A2EF0068CF92 /* FileManagerHelper.swift in Sources */ = {isa = PBXBuildFile; fileRef = CB172B6421C6A2EE0068CF92 /* FileManagerHelper.swift */; };
		CB172C2121C6A2EF0068CF92 /* DataManager.swift in Sources */ = {isa = PBXBuildFile; fileRef = CB172B6521C6A2EE0068CF92 /* DataManager.swift */; };
		CB172C2221C6A2EF0068CF92 /* PopUpNotificationHelper.swift in Sources */ = {isa = PBXBuildFile; fileRef = CB172B6621C6A2EE0068CF92 /* PopUpNotificationHelper.swift */; };
		CB172C2321C6A2EF0068CF92 /* UserDefaultHelper.swift in Sources */ = {isa = PBXBuildFile; fileRef = CB172B6721C6A2EE0068CF92 /* UserDefaultHelper.swift */; };
		CB172C2421C6A2EF0068CF92 /* LanguageHelper.swift in Sources */ = {isa = PBXBuildFile; fileRef = CB172B6821C6A2EE0068CF92 /* LanguageHelper.swift */; };
		CB172C2521C6A2EF0068CF92 /* PopUpHelper.swift in Sources */ = {isa = PBXBuildFile; fileRef = CB172B6921C6A2EE0068CF92 /* PopUpHelper.swift */; };
		CB172C2721C6A2EF0068CF92 /* UserUtils.swift in Sources */ = {isa = PBXBuildFile; fileRef = CB172B6B21C6A2EE0068CF92 /* UserUtils.swift */; };
		CB172C2821C6A2EF0068CF92 /* AnimationHelper.swift in Sources */ = {isa = PBXBuildFile; fileRef = CB172B6C21C6A2EE0068CF92 /* AnimationHelper.swift */; };
		CB172C2921C6A2EF0068CF92 /* Utils.swift in Sources */ = {isa = PBXBuildFile; fileRef = CB172B6D21C6A2EE0068CF92 /* Utils.swift */; };
		CB172C8621C6A2EF0068CF92 /* OpenSans-SemiBold.ttf in Resources */ = {isa = PBXBuildFile; fileRef = CB172BEE21C6A2EF0068CF92 /* OpenSans-SemiBold.ttf */; };
		CB172C8721C6A2EF0068CF92 /* OpenSans-Light.ttf in Resources */ = {isa = PBXBuildFile; fileRef = CB172BEF21C6A2EF0068CF92 /* OpenSans-Light.ttf */; };
		CB172C8821C6A2EF0068CF92 /* OpenSans-Italic.ttf in Resources */ = {isa = PBXBuildFile; fileRef = CB172BF021C6A2EF0068CF92 /* OpenSans-Italic.ttf */; };
		CB172C8921C6A2EF0068CF92 /* OpenSans-ExtraBold.ttf in Resources */ = {isa = PBXBuildFile; fileRef = CB172BF121C6A2EF0068CF92 /* OpenSans-ExtraBold.ttf */; };
		CB172C8A21C6A2EF0068CF92 /* OpenSans-LightItalic.ttf in Resources */ = {isa = PBXBuildFile; fileRef = CB172BF221C6A2EF0068CF92 /* OpenSans-LightItalic.ttf */; };
		CB172C8B21C6A2EF0068CF92 /* OpenSans-Bold.ttf in Resources */ = {isa = PBXBuildFile; fileRef = CB172BF321C6A2EF0068CF92 /* OpenSans-Bold.ttf */; };
		CB172C8C21C6A2EF0068CF92 /* OpenSans-SemiBoldItalic.ttf in Resources */ = {isa = PBXBuildFile; fileRef = CB172BF421C6A2EF0068CF92 /* OpenSans-SemiBoldItalic.ttf */; };
		CB172C8D21C6A2EF0068CF92 /* OpenSans-ExtraBoldItalic.ttf in Resources */ = {isa = PBXBuildFile; fileRef = CB172BF521C6A2EF0068CF92 /* OpenSans-ExtraBoldItalic.ttf */; };
		CB172C8E21C6A2EF0068CF92 /* LICENSE.txt in Resources */ = {isa = PBXBuildFile; fileRef = CB172BF621C6A2EF0068CF92 /* LICENSE.txt */; };
		CB172C8F21C6A2EF0068CF92 /* OpenSans-Regular.ttf in Resources */ = {isa = PBXBuildFile; fileRef = CB172BF721C6A2EF0068CF92 /* OpenSans-Regular.ttf */; };
		CB172C9021C6A2EF0068CF92 /* OpenSans-BoldItalic.ttf in Resources */ = {isa = PBXBuildFile; fileRef = CB172BF821C6A2EF0068CF92 /* OpenSans-BoldItalic.ttf */; };
		CB172C9121C6A2EF0068CF92 /* AppImage.swift in Sources */ = {isa = PBXBuildFile; fileRef = CB172BFA21C6A2EF0068CF92 /* AppImage.swift */; };
		CB172C9221C6A2EF0068CF92 /* NotificationConstant.swift in Sources */ = {isa = PBXBuildFile; fileRef = CB172BFB21C6A2EF0068CF92 /* NotificationConstant.swift */; };
		CB172C9321C6A2EF0068CF92 /* AppString.swift in Sources */ = {isa = PBXBuildFile; fileRef = CB172BFC21C6A2EF0068CF92 /* AppString.swift */; };
		CB172C9421C6A2EF0068CF92 /* APIConstant.swift in Sources */ = {isa = PBXBuildFile; fileRef = CB172BFD21C6A2EF0068CF92 /* APIConstant.swift */; };
		CB172C9521C6A2EF0068CF92 /* ConstantStoryboard.swift in Sources */ = {isa = PBXBuildFile; fileRef = CB172BFE21C6A2EF0068CF92 /* ConstantStoryboard.swift */; };
		CB172C9621C6A2EF0068CF92 /* AppColor.swift in Sources */ = {isa = PBXBuildFile; fileRef = CB172BFF21C6A2EF0068CF92 /* AppColor.swift */; };
		CB172C9721C6A2EF0068CF92 /* Enum.swift in Sources */ = {isa = PBXBuildFile; fileRef = CB172C0021C6A2EF0068CF92 /* Enum.swift */; };
		CB172C9821C6A2EF0068CF92 /* AppFont.swift in Sources */ = {isa = PBXBuildFile; fileRef = CB172C0121C6A2EF0068CF92 /* AppFont.swift */; };
		CB172C9921C6A2EF0068CF92 /* BaseViewController.swift in Sources */ = {isa = PBXBuildFile; fileRef = CB172C0321C6A2EF0068CF92 /* BaseViewController.swift */; };
		CB172C9A21C6A2EF0068CF92 /* BaseCollectionCell.swift in Sources */ = {isa = PBXBuildFile; fileRef = CB172C0421C6A2EF0068CF92 /* BaseCollectionCell.swift */; };
		CB172C9B21C6A2EF0068CF92 /* BaseViewXib.swift in Sources */ = {isa = PBXBuildFile; fileRef = CB172C0521C6A2EF0068CF92 /* BaseViewXib.swift */; };
		CB172C9C21C6A2EF0068CF92 /* BaseTableCell.swift in Sources */ = {isa = PBXBuildFile; fileRef = CB172C0621C6A2EF0068CF92 /* BaseTableCell.swift */; };
		CB172C9D21C6A2EF0068CF92 /* BasePopUpView.swift in Sources */ = {isa = PBXBuildFile; fileRef = CB172C0721C6A2EF0068CF92 /* BasePopUpView.swift */; };
		CB172C9E21C6A2EF0068CF92 /* BaseView.swift in Sources */ = {isa = PBXBuildFile; fileRef = CB172C0821C6A2EF0068CF92 /* BaseView.swift */; };
		CB3A8F0E21C64FC1008144BD /* AppDelegate.swift in Sources */ = {isa = PBXBuildFile; fileRef = CB3A8F0D21C64FC1008144BD /* AppDelegate.swift */; };
		CB3A8F1021C64FC1008144BD /* ViewController.swift in Sources */ = {isa = PBXBuildFile; fileRef = CB3A8F0F21C64FC1008144BD /* ViewController.swift */; };
		CB3A8F1321C64FC1008144BD /* Main.storyboard in Resources */ = {isa = PBXBuildFile; fileRef = CB3A8F1121C64FC1008144BD /* Main.storyboard */; };
		CB3A8F1521C64FC1008144BD /* Assets.xcassets in Resources */ = {isa = PBXBuildFile; fileRef = CB3A8F1421C64FC1008144BD /* Assets.xcassets */; };
		CB3A8F1821C64FC1008144BD /* LaunchScreen.storyboard in Resources */ = {isa = PBXBuildFile; fileRef = CB3A8F1621C64FC1008144BD /* LaunchScreen.storyboard */; };
		ECFA8430691B731FD6198935 /* Pods_Oganban.framework in Frameworks */ = {isa = PBXBuildFile; fileRef = 667005DBAD7815A5AA16289A /* Pods_Oganban.framework */; };
/* End PBXBuildFile section */

/* Begin PBXFileReference section */
		44208549B4287C06B154C85E /* Pods-Oganban.debug.xcconfig */ = {isa = PBXFileReference; includeInIndex = 1; lastKnownFileType = text.xcconfig; name = "Pods-Oganban.debug.xcconfig"; path = "Pods/Target Support Files/Pods-Oganban/Pods-Oganban.debug.xcconfig"; sourceTree = "<group>"; };
		667005DBAD7815A5AA16289A /* Pods_Oganban.framework */ = {isa = PBXFileReference; explicitFileType = wrapper.framework; includeInIndex = 0; path = Pods_Oganban.framework; sourceTree = BUILT_PRODUCTS_DIR; };
		7D0CCCBE1CA6E502A84355A0 /* Pods-Oganban.release.xcconfig */ = {isa = PBXFileReference; includeInIndex = 1; lastKnownFileType = text.xcconfig; name = "Pods-Oganban.release.xcconfig"; path = "Pods/Target Support Files/Pods-Oganban/Pods-Oganban.release.xcconfig"; sourceTree = "<group>"; };
		84421BE721CBEECF00F468F5 /* MorePresenter.swift */ = {isa = PBXFileReference; lastKnownFileType = sourcecode.swift; path = MorePresenter.swift; sourceTree = "<group>"; };
		84421BE821CBEECF00F468F5 /* MoreRouter.swift */ = {isa = PBXFileReference; lastKnownFileType = sourcecode.swift; path = MoreRouter.swift; sourceTree = "<group>"; };
		84421BEA21CBEECF00F468F5 /* MoreProtocols.swift */ = {isa = PBXFileReference; lastKnownFileType = sourcecode.swift; path = MoreProtocols.swift; sourceTree = "<group>"; };
		84421BEB21CBEECF00F468F5 /* MoreInteractor.swift */ = {isa = PBXFileReference; lastKnownFileType = sourcecode.swift; path = MoreInteractor.swift; sourceTree = "<group>"; };
		84421BF421CBEF1E00F468F5 /* MoreCell.swift */ = {isa = PBXFileReference; fileEncoding = 4; lastKnownFileType = sourcecode.swift; path = MoreCell.swift; sourceTree = "<group>"; };
		84421BF521CBEF1E00F468F5 /* MoreHeaderCell.swift */ = {isa = PBXFileReference; fileEncoding = 4; lastKnownFileType = sourcecode.swift; path = MoreHeaderCell.swift; sourceTree = "<group>"; };
		84421BF621CBEF1E00F468F5 /* MoreHeaderCell.xib */ = {isa = PBXFileReference; fileEncoding = 4; lastKnownFileType = file.xib; path = MoreHeaderCell.xib; sourceTree = "<group>"; };
		84421BF721CBEF1E00F468F5 /* MoreCell.xib */ = {isa = PBXFileReference; fileEncoding = 4; lastKnownFileType = file.xib; path = MoreCell.xib; sourceTree = "<group>"; };
		84421BFC21CBEF7600F468F5 /* MoreViewController.xib */ = {isa = PBXFileReference; fileEncoding = 4; lastKnownFileType = file.xib; path = MoreViewController.xib; sourceTree = "<group>"; };
		84421BFD21CBEF7600F468F5 /* MoreViewController.swift */ = {isa = PBXFileReference; fileEncoding = 4; lastKnownFileType = sourcecode.swift; path = MoreViewController.swift; sourceTree = "<group>"; };
		84487C7A21CB788F008B25B2 /* Roboto-Bold.ttf */ = {isa = PBXFileReference; lastKnownFileType = file; path = "Roboto-Bold.ttf"; sourceTree = "<group>"; };
		84487C7B21CB788F008B25B2 /* Roboto-BlackItalic.ttf */ = {isa = PBXFileReference; lastKnownFileType = file; path = "Roboto-BlackItalic.ttf"; sourceTree = "<group>"; };
		84487C7C21CB788F008B25B2 /* Roboto-Italic.ttf */ = {isa = PBXFileReference; lastKnownFileType = file; path = "Roboto-Italic.ttf"; sourceTree = "<group>"; };
		84487C7D21CB788F008B25B2 /* Roboto-BoldItalic.ttf */ = {isa = PBXFileReference; lastKnownFileType = file; path = "Roboto-BoldItalic.ttf"; sourceTree = "<group>"; };
		84487C7E21CB788F008B25B2 /* Roboto-Light.ttf */ = {isa = PBXFileReference; lastKnownFileType = file; path = "Roboto-Light.ttf"; sourceTree = "<group>"; };
		84487C7F21CB788F008B25B2 /* Roboto-Medium.ttf */ = {isa = PBXFileReference; lastKnownFileType = file; path = "Roboto-Medium.ttf"; sourceTree = "<group>"; };
		84487C8021CB788F008B25B2 /* Roboto-MediumItalic.ttf */ = {isa = PBXFileReference; lastKnownFileType = file; path = "Roboto-MediumItalic.ttf"; sourceTree = "<group>"; };
		84487C8121CB788F008B25B2 /* Roboto-Thin.ttf */ = {isa = PBXFileReference; lastKnownFileType = file; path = "Roboto-Thin.ttf"; sourceTree = "<group>"; };
		84487C8221CB7890008B25B2 /* Roboto-Black.ttf */ = {isa = PBXFileReference; lastKnownFileType = file; path = "Roboto-Black.ttf"; sourceTree = "<group>"; };
		84487C8321CB7890008B25B2 /* Roboto-Regular.ttf */ = {isa = PBXFileReference; lastKnownFileType = file; path = "Roboto-Regular.ttf"; sourceTree = "<group>"; };
		84487C8421CB7890008B25B2 /* Roboto-LightItalic.ttf */ = {isa = PBXFileReference; lastKnownFileType = file; path = "Roboto-LightItalic.ttf"; sourceTree = "<group>"; };
		84487C8521CB7890008B25B2 /* Roboto-ThinItalic.ttf */ = {isa = PBXFileReference; lastKnownFileType = file; path = "Roboto-ThinItalic.ttf"; sourceTree = "<group>"; };
		84A92BEB21CA518100148191 /* OganbanCustomTextfield.swift */ = {isa = PBXFileReference; fileEncoding = 4; lastKnownFileType = sourcecode.swift; path = OganbanCustomTextfield.swift; sourceTree = "<group>"; };
		84A92BEC21CA518200148191 /* OganbanCustomButton.swift */ = {isa = PBXFileReference; fileEncoding = 4; lastKnownFileType = sourcecode.swift; path = OganbanCustomButton.swift; sourceTree = "<group>"; };
		84A92BF021CA555900148191 /* LoginPresenter.swift */ = {isa = PBXFileReference; lastKnownFileType = sourcecode.swift; path = LoginPresenter.swift; sourceTree = "<group>"; };
		84A92BF121CA555900148191 /* LoginRouter.swift */ = {isa = PBXFileReference; lastKnownFileType = sourcecode.swift; path = LoginRouter.swift; sourceTree = "<group>"; };
		84A92BF221CA555900148191 /* LoginViewController.swift */ = {isa = PBXFileReference; lastKnownFileType = sourcecode.swift; path = LoginViewController.swift; sourceTree = "<group>"; };
		84A92BF321CA555900148191 /* LoginProtocols.swift */ = {isa = PBXFileReference; lastKnownFileType = sourcecode.swift; path = LoginProtocols.swift; sourceTree = "<group>"; };
		84A92BF421CA555900148191 /* LoginInteractor.swift */ = {isa = PBXFileReference; lastKnownFileType = sourcecode.swift; path = LoginInteractor.swift; sourceTree = "<group>"; };
		84A92BF521CA555900148191 /* LoginViewController.xib */ = {isa = PBXFileReference; lastKnownFileType = file.xib; path = LoginViewController.xib; sourceTree = "<group>"; };
		B355EF4921C8EB3F00379F57 /* HomePresenter.swift */ = {isa = PBXFileReference; lastKnownFileType = sourcecode.swift; path = HomePresenter.swift; sourceTree = "<group>"; };
		B355EF4A21C8EB3F00379F57 /* HomeRouter.swift */ = {isa = PBXFileReference; lastKnownFileType = sourcecode.swift; path = HomeRouter.swift; sourceTree = "<group>"; };
		B355EF4B21C8EB3F00379F57 /* HomeViewController.swift */ = {isa = PBXFileReference; lastKnownFileType = sourcecode.swift; path = HomeViewController.swift; sourceTree = "<group>"; };
		B355EF4C21C8EB3F00379F57 /* HomeProtocols.swift */ = {isa = PBXFileReference; lastKnownFileType = sourcecode.swift; path = HomeProtocols.swift; sourceTree = "<group>"; };
		B355EF4D21C8EB3F00379F57 /* HomeInteractor.swift */ = {isa = PBXFileReference; lastKnownFileType = sourcecode.swift; path = HomeInteractor.swift; sourceTree = "<group>"; };
		B355EF4E21C8EB3F00379F57 /* HomeViewController.xib */ = {isa = PBXFileReference; lastKnownFileType = file.xib; path = HomeViewController.xib; sourceTree = "<group>"; };
		B355EF5621C8FB1400379F57 /* SignUpPresenter.swift */ = {isa = PBXFileReference; lastKnownFileType = sourcecode.swift; path = SignUpPresenter.swift; sourceTree = "<group>"; };
		B355EF5721C8FB1400379F57 /* SignUpRouter.swift */ = {isa = PBXFileReference; lastKnownFileType = sourcecode.swift; path = SignUpRouter.swift; sourceTree = "<group>"; };
		B355EF5821C8FB1400379F57 /* SignUpViewController.swift */ = {isa = PBXFileReference; lastKnownFileType = sourcecode.swift; path = SignUpViewController.swift; sourceTree = "<group>"; };
		B355EF5921C8FB1400379F57 /* SignUpProtocols.swift */ = {isa = PBXFileReference; lastKnownFileType = sourcecode.swift; path = SignUpProtocols.swift; sourceTree = "<group>"; };
		B355EF5A21C8FB1400379F57 /* SignUpInteractor.swift */ = {isa = PBXFileReference; lastKnownFileType = sourcecode.swift; path = SignUpInteractor.swift; sourceTree = "<group>"; };
		B355EF5B21C8FB1400379F57 /* SignUpViewController.xib */ = {isa = PBXFileReference; lastKnownFileType = file.xib; path = SignUpViewController.xib; sourceTree = "<group>"; };
		CB172B2621C6A22A0068CF92 /* DeviceGenericParam.swift */ = {isa = PBXFileReference; fileEncoding = 4; lastKnownFileType = sourcecode.swift; path = DeviceGenericParam.swift; sourceTree = "<group>"; };
		CB172B2721C6A22A0068CF92 /* BaseParam.swift */ = {isa = PBXFileReference; fileEncoding = 4; lastKnownFileType = sourcecode.swift; path = BaseParam.swift; sourceTree = "<group>"; };
		CB172B3321C6A26F0068CF92 /* APIError.swift */ = {isa = PBXFileReference; fileEncoding = 4; lastKnownFileType = sourcecode.swift; path = APIError.swift; sourceTree = "<group>"; };
		CB172B3521C6A26F0068CF92 /* BaseResponse.swift */ = {isa = PBXFileReference; fileEncoding = 4; lastKnownFileType = sourcecode.swift; path = BaseResponse.swift; sourceTree = "<group>"; };
		CB172B3621C6A26F0068CF92 /* Network.swift */ = {isa = PBXFileReference; fileEncoding = 4; lastKnownFileType = sourcecode.swift; path = Network.swift; sourceTree = "<group>"; };
		CB172B3721C6A26F0068CF92 /* MapperData.swift */ = {isa = PBXFileReference; fileEncoding = 4; lastKnownFileType = sourcecode.swift; path = MapperData.swift; sourceTree = "<group>"; };
		CB172B3821C6A26F0068CF92 /* NetworkRequest.swift */ = {isa = PBXFileReference; fileEncoding = 4; lastKnownFileType = sourcecode.swift; path = NetworkRequest.swift; sourceTree = "<group>"; };
		CB172B3F21C6A2A20068CF92 /* Provider.swift */ = {isa = PBXFileReference; fileEncoding = 4; lastKnownFileType = sourcecode.swift; path = Provider.swift; sourceTree = "<group>"; };
		CB172B4221C6A2AA0068CF92 /* EndPointType.swift */ = {isa = PBXFileReference; fileEncoding = 4; lastKnownFileType = sourcecode.swift; path = EndPointType.swift; sourceTree = "<group>"; };
		CB172B4621C6A2EE0068CF92 /* PopUpNotificationContent.xib */ = {isa = PBXFileReference; fileEncoding = 4; lastKnownFileType = file.xib; path = PopUpNotificationContent.xib; sourceTree = "<group>"; };
		CB172B4721C6A2EE0068CF92 /* PopUpNotificationContent.swift */ = {isa = PBXFileReference; fileEncoding = 4; lastKnownFileType = sourcecode.swift; path = PopUpNotificationContent.swift; sourceTree = "<group>"; };
		CB172B4821C6A2EE0068CF92 /* PopUpNotification.swift */ = {isa = PBXFileReference; fileEncoding = 4; lastKnownFileType = sourcecode.swift; path = PopUpNotification.swift; sourceTree = "<group>"; };
		CB172B4B21C6A2EE0068CF92 /* en */ = {isa = PBXFileReference; lastKnownFileType = text.plist.strings; name = en; path = en.lproj/Localizable.strings; sourceTree = "<group>"; };
		CB172B4C21C6A2EE0068CF92 /* vi */ = {isa = PBXFileReference; lastKnownFileType = text.plist.strings; name = vi; path = vi.lproj/Localizable.strings; sourceTree = "<group>"; };
		CB172B4E21C6A2EE0068CF92 /* UIApplication+extension.swift */ = {isa = PBXFileReference; fileEncoding = 4; lastKnownFileType = sourcecode.swift; path = "UIApplication+extension.swift"; sourceTree = "<group>"; };
		CB172B4F21C6A2EE0068CF92 /* UIDevice+extension.swift */ = {isa = PBXFileReference; fileEncoding = 4; lastKnownFileType = sourcecode.swift; path = "UIDevice+extension.swift"; sourceTree = "<group>"; };
		CB172B5021C6A2EE0068CF92 /* UIColor+extension.swift */ = {isa = PBXFileReference; fileEncoding = 4; lastKnownFileType = sourcecode.swift; path = "UIColor+extension.swift"; sourceTree = "<group>"; };
		CB172B5121C6A2EE0068CF92 /* Int+extension.swift */ = {isa = PBXFileReference; fileEncoding = 4; lastKnownFileType = sourcecode.swift; path = "Int+extension.swift"; sourceTree = "<group>"; };
		CB172B5221C6A2EE0068CF92 /* UIWindow+extension.swift */ = {isa = PBXFileReference; fileEncoding = 4; lastKnownFileType = sourcecode.swift; path = "UIWindow+extension.swift"; sourceTree = "<group>"; };
		CB172B5321C6A2EE0068CF92 /* Date+extension.swift */ = {isa = PBXFileReference; fileEncoding = 4; lastKnownFileType = sourcecode.swift; path = "Date+extension.swift"; sourceTree = "<group>"; };
		CB172B5421C6A2EE0068CF92 /* UIButton+extension.swift */ = {isa = PBXFileReference; fileEncoding = 4; lastKnownFileType = sourcecode.swift; path = "UIButton+extension.swift"; sourceTree = "<group>"; };
		CB172B5521C6A2EE0068CF92 /* UIView+extension.swift */ = {isa = PBXFileReference; fileEncoding = 4; lastKnownFileType = sourcecode.swift; path = "UIView+extension.swift"; sourceTree = "<group>"; };
		CB172B5621C6A2EE0068CF92 /* UIImage+extension.swift */ = {isa = PBXFileReference; fileEncoding = 4; lastKnownFileType = sourcecode.swift; path = "UIImage+extension.swift"; sourceTree = "<group>"; };
		CB172B5721C6A2EE0068CF92 /* Bundle+extension.swift */ = {isa = PBXFileReference; fileEncoding = 4; lastKnownFileType = sourcecode.swift; path = "Bundle+extension.swift"; sourceTree = "<group>"; };
		CB172B5821C6A2EE0068CF92 /* Double+extension.swift */ = {isa = PBXFileReference; fileEncoding = 4; lastKnownFileType = sourcecode.swift; path = "Double+extension.swift"; sourceTree = "<group>"; };
		CB172B5921C6A2EE0068CF92 /* UIViewController+extension.swift */ = {isa = PBXFileReference; fileEncoding = 4; lastKnownFileType = sourcecode.swift; path = "UIViewController+extension.swift"; sourceTree = "<group>"; };
		CB172B5A21C6A2EE0068CF92 /* String+extension.swift */ = {isa = PBXFileReference; fileEncoding = 4; lastKnownFileType = sourcecode.swift; path = "String+extension.swift"; sourceTree = "<group>"; };
		CB172B5B21C6A2EE0068CF92 /* NSMutableAttributedString+Extension.swift */ = {isa = PBXFileReference; fileEncoding = 4; lastKnownFileType = sourcecode.swift; path = "NSMutableAttributedString+Extension.swift"; sourceTree = "<group>"; };
		CB172B5C21C6A2EE0068CF92 /* Bool+extension.swift */ = {isa = PBXFileReference; fileEncoding = 4; lastKnownFileType = sourcecode.swift; path = "Bool+extension.swift"; sourceTree = "<group>"; };
		CB172B5D21C6A2EE0068CF92 /* UICollectionView+extension.swift */ = {isa = PBXFileReference; fileEncoding = 4; lastKnownFileType = sourcecode.swift; path = "UICollectionView+extension.swift"; sourceTree = "<group>"; };
		CB172B5E21C6A2EE0068CF92 /* UITextField+extension.swift */ = {isa = PBXFileReference; fileEncoding = 4; lastKnownFileType = sourcecode.swift; path = "UITextField+extension.swift"; sourceTree = "<group>"; };
		CB172B5F21C6A2EE0068CF92 /* UISearchBar+extension.swift */ = {isa = PBXFileReference; fileEncoding = 4; lastKnownFileType = sourcecode.swift; path = "UISearchBar+extension.swift"; sourceTree = "<group>"; };
		CB172B6021C6A2EE0068CF92 /* UITableView+extension.swift */ = {isa = PBXFileReference; fileEncoding = 4; lastKnownFileType = sourcecode.swift; path = "UITableView+extension.swift"; sourceTree = "<group>"; };
		CB172B6221C6A2EE0068CF92 /* DQHome-Bridging-Header.h */ = {isa = PBXFileReference; fileEncoding = 4; lastKnownFileType = sourcecode.c.h; path = "DQHome-Bridging-Header.h"; sourceTree = "<group>"; };
		CB172B6421C6A2EE0068CF92 /* FileManagerHelper.swift */ = {isa = PBXFileReference; fileEncoding = 4; lastKnownFileType = sourcecode.swift; path = FileManagerHelper.swift; sourceTree = "<group>"; };
		CB172B6521C6A2EE0068CF92 /* DataManager.swift */ = {isa = PBXFileReference; fileEncoding = 4; lastKnownFileType = sourcecode.swift; path = DataManager.swift; sourceTree = "<group>"; };
		CB172B6621C6A2EE0068CF92 /* PopUpNotificationHelper.swift */ = {isa = PBXFileReference; fileEncoding = 4; lastKnownFileType = sourcecode.swift; path = PopUpNotificationHelper.swift; sourceTree = "<group>"; };
		CB172B6721C6A2EE0068CF92 /* UserDefaultHelper.swift */ = {isa = PBXFileReference; fileEncoding = 4; lastKnownFileType = sourcecode.swift; path = UserDefaultHelper.swift; sourceTree = "<group>"; };
		CB172B6821C6A2EE0068CF92 /* LanguageHelper.swift */ = {isa = PBXFileReference; fileEncoding = 4; lastKnownFileType = sourcecode.swift; path = LanguageHelper.swift; sourceTree = "<group>"; };
		CB172B6921C6A2EE0068CF92 /* PopUpHelper.swift */ = {isa = PBXFileReference; fileEncoding = 4; lastKnownFileType = sourcecode.swift; path = PopUpHelper.swift; sourceTree = "<group>"; };
		CB172B6B21C6A2EE0068CF92 /* UserUtils.swift */ = {isa = PBXFileReference; fileEncoding = 4; lastKnownFileType = sourcecode.swift; path = UserUtils.swift; sourceTree = "<group>"; };
		CB172B6C21C6A2EE0068CF92 /* AnimationHelper.swift */ = {isa = PBXFileReference; fileEncoding = 4; lastKnownFileType = sourcecode.swift; path = AnimationHelper.swift; sourceTree = "<group>"; };
		CB172B6D21C6A2EE0068CF92 /* Utils.swift */ = {isa = PBXFileReference; fileEncoding = 4; lastKnownFileType = sourcecode.swift; path = Utils.swift; sourceTree = "<group>"; };
		CB172BEE21C6A2EF0068CF92 /* OpenSans-SemiBold.ttf */ = {isa = PBXFileReference; lastKnownFileType = file; path = "OpenSans-SemiBold.ttf"; sourceTree = "<group>"; };
		CB172BEF21C6A2EF0068CF92 /* OpenSans-Light.ttf */ = {isa = PBXFileReference; lastKnownFileType = file; path = "OpenSans-Light.ttf"; sourceTree = "<group>"; };
		CB172BF021C6A2EF0068CF92 /* OpenSans-Italic.ttf */ = {isa = PBXFileReference; lastKnownFileType = file; path = "OpenSans-Italic.ttf"; sourceTree = "<group>"; };
		CB172BF121C6A2EF0068CF92 /* OpenSans-ExtraBold.ttf */ = {isa = PBXFileReference; lastKnownFileType = file; path = "OpenSans-ExtraBold.ttf"; sourceTree = "<group>"; };
		CB172BF221C6A2EF0068CF92 /* OpenSans-LightItalic.ttf */ = {isa = PBXFileReference; lastKnownFileType = file; path = "OpenSans-LightItalic.ttf"; sourceTree = "<group>"; };
		CB172BF321C6A2EF0068CF92 /* OpenSans-Bold.ttf */ = {isa = PBXFileReference; lastKnownFileType = file; path = "OpenSans-Bold.ttf"; sourceTree = "<group>"; };
		CB172BF421C6A2EF0068CF92 /* OpenSans-SemiBoldItalic.ttf */ = {isa = PBXFileReference; lastKnownFileType = file; path = "OpenSans-SemiBoldItalic.ttf"; sourceTree = "<group>"; };
		CB172BF521C6A2EF0068CF92 /* OpenSans-ExtraBoldItalic.ttf */ = {isa = PBXFileReference; lastKnownFileType = file; path = "OpenSans-ExtraBoldItalic.ttf"; sourceTree = "<group>"; };
		CB172BF621C6A2EF0068CF92 /* LICENSE.txt */ = {isa = PBXFileReference; fileEncoding = 4; lastKnownFileType = text; path = LICENSE.txt; sourceTree = "<group>"; };
		CB172BF721C6A2EF0068CF92 /* OpenSans-Regular.ttf */ = {isa = PBXFileReference; lastKnownFileType = file; path = "OpenSans-Regular.ttf"; sourceTree = "<group>"; };
		CB172BF821C6A2EF0068CF92 /* OpenSans-BoldItalic.ttf */ = {isa = PBXFileReference; lastKnownFileType = file; path = "OpenSans-BoldItalic.ttf"; sourceTree = "<group>"; };
		CB172BFA21C6A2EF0068CF92 /* AppImage.swift */ = {isa = PBXFileReference; fileEncoding = 4; lastKnownFileType = sourcecode.swift; path = AppImage.swift; sourceTree = "<group>"; };
		CB172BFB21C6A2EF0068CF92 /* NotificationConstant.swift */ = {isa = PBXFileReference; fileEncoding = 4; lastKnownFileType = sourcecode.swift; path = NotificationConstant.swift; sourceTree = "<group>"; };
		CB172BFC21C6A2EF0068CF92 /* AppString.swift */ = {isa = PBXFileReference; fileEncoding = 4; lastKnownFileType = sourcecode.swift; path = AppString.swift; sourceTree = "<group>"; };
		CB172BFD21C6A2EF0068CF92 /* APIConstant.swift */ = {isa = PBXFileReference; fileEncoding = 4; lastKnownFileType = sourcecode.swift; path = APIConstant.swift; sourceTree = "<group>"; };
		CB172BFE21C6A2EF0068CF92 /* ConstantStoryboard.swift */ = {isa = PBXFileReference; fileEncoding = 4; lastKnownFileType = sourcecode.swift; path = ConstantStoryboard.swift; sourceTree = "<group>"; };
		CB172BFF21C6A2EF0068CF92 /* AppColor.swift */ = {isa = PBXFileReference; fileEncoding = 4; lastKnownFileType = sourcecode.swift; path = AppColor.swift; sourceTree = "<group>"; };
		CB172C0021C6A2EF0068CF92 /* Enum.swift */ = {isa = PBXFileReference; fileEncoding = 4; lastKnownFileType = sourcecode.swift; path = Enum.swift; sourceTree = "<group>"; };
		CB172C0121C6A2EF0068CF92 /* AppFont.swift */ = {isa = PBXFileReference; fileEncoding = 4; lastKnownFileType = sourcecode.swift; path = AppFont.swift; sourceTree = "<group>"; };
		CB172C0321C6A2EF0068CF92 /* BaseViewController.swift */ = {isa = PBXFileReference; fileEncoding = 4; lastKnownFileType = sourcecode.swift; path = BaseViewController.swift; sourceTree = "<group>"; };
		CB172C0421C6A2EF0068CF92 /* BaseCollectionCell.swift */ = {isa = PBXFileReference; fileEncoding = 4; lastKnownFileType = sourcecode.swift; path = BaseCollectionCell.swift; sourceTree = "<group>"; };
		CB172C0521C6A2EF0068CF92 /* BaseViewXib.swift */ = {isa = PBXFileReference; fileEncoding = 4; lastKnownFileType = sourcecode.swift; path = BaseViewXib.swift; sourceTree = "<group>"; };
		CB172C0621C6A2EF0068CF92 /* BaseTableCell.swift */ = {isa = PBXFileReference; fileEncoding = 4; lastKnownFileType = sourcecode.swift; path = BaseTableCell.swift; sourceTree = "<group>"; };
		CB172C0721C6A2EF0068CF92 /* BasePopUpView.swift */ = {isa = PBXFileReference; fileEncoding = 4; lastKnownFileType = sourcecode.swift; path = BasePopUpView.swift; sourceTree = "<group>"; };
		CB172C0821C6A2EF0068CF92 /* BaseView.swift */ = {isa = PBXFileReference; fileEncoding = 4; lastKnownFileType = sourcecode.swift; path = BaseView.swift; sourceTree = "<group>"; };
		CB3A8F0A21C64FC1008144BD /* Oganban.app */ = {isa = PBXFileReference; explicitFileType = wrapper.application; includeInIndex = 0; path = Oganban.app; sourceTree = BUILT_PRODUCTS_DIR; };
		CB3A8F0D21C64FC1008144BD /* AppDelegate.swift */ = {isa = PBXFileReference; lastKnownFileType = sourcecode.swift; path = AppDelegate.swift; sourceTree = "<group>"; };
		CB3A8F0F21C64FC1008144BD /* ViewController.swift */ = {isa = PBXFileReference; lastKnownFileType = sourcecode.swift; path = ViewController.swift; sourceTree = "<group>"; };
		CB3A8F1221C64FC1008144BD /* Base */ = {isa = PBXFileReference; lastKnownFileType = file.storyboard; name = Base; path = Base.lproj/Main.storyboard; sourceTree = "<group>"; };
		CB3A8F1421C64FC1008144BD /* Assets.xcassets */ = {isa = PBXFileReference; lastKnownFileType = folder.assetcatalog; path = Assets.xcassets; sourceTree = "<group>"; };
		CB3A8F1721C64FC1008144BD /* Base */ = {isa = PBXFileReference; lastKnownFileType = file.storyboard; name = Base; path = Base.lproj/LaunchScreen.storyboard; sourceTree = "<group>"; };
		CB3A8F1921C64FC1008144BD /* Info.plist */ = {isa = PBXFileReference; lastKnownFileType = text.plist.xml; path = Info.plist; sourceTree = "<group>"; };
/* End PBXFileReference section */

/* Begin PBXFrameworksBuildPhase section */
		CB3A8F0721C64FC1008144BD /* Frameworks */ = {
			isa = PBXFrameworksBuildPhase;
			buildActionMask = 2147483647;
			files = (
				ECFA8430691B731FD6198935 /* Pods_Oganban.framework in Frameworks */,
			);
			runOnlyForDeploymentPostprocessing = 0;
		};
/* End PBXFrameworksBuildPhase section */

/* Begin PBXGroup section */
		2D4ADFC1DB1592F9F3095C4D /* Frameworks */ = {
			isa = PBXGroup;
			children = (
				667005DBAD7815A5AA16289A /* Pods_Oganban.framework */,
			);
			name = Frameworks;
			sourceTree = "<group>";
		};
		84421BE621CBEEA600F468F5 /* More */ = {
			isa = PBXGroup;
			children = (
				84421BF321CBEF0400F468F5 /* MoreCell */,
				84421BE721CBEECF00F468F5 /* MorePresenter.swift */,
				84421BE821CBEECF00F468F5 /* MoreRouter.swift */,
				84421BFD21CBEF7600F468F5 /* MoreViewController.swift */,
				84421BFC21CBEF7600F468F5 /* MoreViewController.xib */,
				84421BEA21CBEECF00F468F5 /* MoreProtocols.swift */,
				84421BEB21CBEECF00F468F5 /* MoreInteractor.swift */,
			);
			path = More;
			sourceTree = "<group>";
		};
		84421BF321CBEF0400F468F5 /* MoreCell */ = {
			isa = PBXGroup;
			children = (
				84421BF421CBEF1E00F468F5 /* MoreCell.swift */,
				84421BF721CBEF1E00F468F5 /* MoreCell.xib */,
				84421BF521CBEF1E00F468F5 /* MoreHeaderCell.swift */,
				84421BF621CBEF1E00F468F5 /* MoreHeaderCell.xib */,
			);
			path = MoreCell;
			sourceTree = "<group>";
		};
		84A92BE921CA50F000148191 /* CustomViews */ = {
			isa = PBXGroup;
			children = (
				84A92BEC21CA518200148191 /* OganbanCustomButton.swift */,
				84A92BEB21CA518100148191 /* OganbanCustomTextfield.swift */,
			);
			path = CustomViews;
			sourceTree = "<group>";
		};
		84A92BEA21CA511D00148191 /* Entities */ = {
			isa = PBXGroup;
			children = (
			);
			path = Entities;
			sourceTree = "<group>";
		};
		84A92BEF21CA554100148191 /* Login */ = {
			isa = PBXGroup;
			children = (
				84A92BF021CA555900148191 /* LoginPresenter.swift */,
				84A92BF121CA555900148191 /* LoginRouter.swift */,
				84A92BF221CA555900148191 /* LoginViewController.swift */,
				84A92BF321CA555900148191 /* LoginProtocols.swift */,
				84A92BF421CA555900148191 /* LoginInteractor.swift */,
				84A92BF521CA555900148191 /* LoginViewController.xib */,
			);
			path = Login;
			sourceTree = "<group>";
		};
		B355EF4821C8EB2E00379F57 /* Home */ = {
			isa = PBXGroup;
			children = (
				B355EF4921C8EB3F00379F57 /* HomePresenter.swift */,
				B355EF4A21C8EB3F00379F57 /* HomeRouter.swift */,
				B355EF4B21C8EB3F00379F57 /* HomeViewController.swift */,
				B355EF4C21C8EB3F00379F57 /* HomeProtocols.swift */,
				B355EF4D21C8EB3F00379F57 /* HomeInteractor.swift */,
				B355EF4E21C8EB3F00379F57 /* HomeViewController.xib */,
			);
			path = Home;
			sourceTree = "<group>";
		};
		B355EF5521C8FB0300379F57 /* SignUp */ = {
			isa = PBXGroup;
			children = (
				B355EF5621C8FB1400379F57 /* SignUpPresenter.swift */,
				B355EF5721C8FB1400379F57 /* SignUpRouter.swift */,
				B355EF5821C8FB1400379F57 /* SignUpViewController.swift */,
				B355EF5921C8FB1400379F57 /* SignUpProtocols.swift */,
				B355EF5A21C8FB1400379F57 /* SignUpInteractor.swift */,
				B355EF5B21C8FB1400379F57 /* SignUpViewController.xib */,
			);
			path = SignUp;
			sourceTree = "<group>";
		};
		CB172B1821C6A1480068CF92 /* Modules */ = {
			isa = PBXGroup;
			children = (
				84421BE621CBEEA600F468F5 /* More */,
				84A92BEF21CA554100148191 /* Login */,
				B355EF5521C8FB0300379F57 /* SignUp */,
				B355EF4821C8EB2E00379F57 /* Home */,
			);
			path = Modules;
			sourceTree = "<group>";
		};
		CB172B1921C6A14B0068CF92 /* Services */ = {
			isa = PBXGroup;
			children = (
				CB172B3221C6A26F0068CF92 /* Network */,
				CB172B3021C6A23F0068CF92 /* EndPoint */,
				CB172B1D21C6A22A0068CF92 /* APIParam */,
				CB172B1C21C6A2130068CF92 /* APIService */,
			);
			path = Services;
			sourceTree = "<group>";
		};
		CB172B1B21C6A1520068CF92 /* Components */ = {
			isa = PBXGroup;
			children = (
				84A92BE921CA50F000148191 /* CustomViews */,
				CB172C0221C6A2EF0068CF92 /* Base */,
				CB172B6121C6A2EE0068CF92 /* BridgingHeader */,
				CB172BF921C6A2EF0068CF92 /* Constants */,
				CB172B4421C6A2EE0068CF92 /* CustomPopUp */,
				CB172B4D21C6A2EE0068CF92 /* Extensions */,
				CB172BED21C6A2EF0068CF92 /* Fonts */,
				CB172B6321C6A2EE0068CF92 /* Helpers */,
				CB172B4921C6A2EE0068CF92 /* Localizable */,
			);
			path = Components;
			sourceTree = "<group>";
		};
		CB172B1C21C6A2130068CF92 /* APIService */ = {
			isa = PBXGroup;
			children = (
				CB172B3E21C6A2A20068CF92 /* APIServiceProvider */,
			);
			path = APIService;
			sourceTree = "<group>";
		};
		CB172B1D21C6A22A0068CF92 /* APIParam */ = {
			isa = PBXGroup;
			children = (
				CB172B1E21C6A22A0068CF92 /* UserParam */,
				CB172B2521C6A22A0068CF92 /* DeviceParam */,
				CB172B2721C6A22A0068CF92 /* BaseParam.swift */,
			);
			path = APIParam;
			sourceTree = "<group>";
		};
		CB172B1E21C6A22A0068CF92 /* UserParam */ = {
			isa = PBXGroup;
			children = (
			);
			path = UserParam;
			sourceTree = "<group>";
		};
		CB172B2521C6A22A0068CF92 /* DeviceParam */ = {
			isa = PBXGroup;
			children = (
				CB172B2621C6A22A0068CF92 /* DeviceGenericParam.swift */,
			);
			path = DeviceParam;
			sourceTree = "<group>";
		};
		CB172B3021C6A23F0068CF92 /* EndPoint */ = {
			isa = PBXGroup;
			children = (
				CB172B4121C6A2AA0068CF92 /* Base */,
			);
			path = EndPoint;
			sourceTree = "<group>";
		};
		CB172B3221C6A26F0068CF92 /* Network */ = {
			isa = PBXGroup;
			children = (
				CB172B3321C6A26F0068CF92 /* APIError.swift */,
				CB172B3421C6A26F0068CF92 /* Response */,
				CB172B3621C6A26F0068CF92 /* Network.swift */,
				CB172B3721C6A26F0068CF92 /* MapperData.swift */,
				CB172B3821C6A26F0068CF92 /* NetworkRequest.swift */,
			);
			path = Network;
			sourceTree = "<group>";
		};
		CB172B3421C6A26F0068CF92 /* Response */ = {
			isa = PBXGroup;
			children = (
				CB172B3521C6A26F0068CF92 /* BaseResponse.swift */,
			);
			path = Response;
			sourceTree = "<group>";
		};
		CB172B3E21C6A2A20068CF92 /* APIServiceProvider */ = {
			isa = PBXGroup;
			children = (
				CB172B3F21C6A2A20068CF92 /* Provider.swift */,
			);
			path = APIServiceProvider;
			sourceTree = "<group>";
		};
		CB172B4121C6A2AA0068CF92 /* Base */ = {
			isa = PBXGroup;
			children = (
				CB172B4221C6A2AA0068CF92 /* EndPointType.swift */,
			);
			path = Base;
			sourceTree = "<group>";
		};
		CB172B4421C6A2EE0068CF92 /* CustomPopUp */ = {
			isa = PBXGroup;
			children = (
				CB172B4521C6A2EE0068CF92 /* PopUpNotification */,
			);
			path = CustomPopUp;
			sourceTree = "<group>";
		};
		CB172B4521C6A2EE0068CF92 /* PopUpNotification */ = {
			isa = PBXGroup;
			children = (
				CB172B4621C6A2EE0068CF92 /* PopUpNotificationContent.xib */,
				CB172B4721C6A2EE0068CF92 /* PopUpNotificationContent.swift */,
				CB172B4821C6A2EE0068CF92 /* PopUpNotification.swift */,
			);
			path = PopUpNotification;
			sourceTree = "<group>";
		};
		CB172B4921C6A2EE0068CF92 /* Localizable */ = {
			isa = PBXGroup;
			children = (
				CB172B4A21C6A2EE0068CF92 /* Localizable.strings */,
			);
			path = Localizable;
			sourceTree = "<group>";
		};
		CB172B4D21C6A2EE0068CF92 /* Extensions */ = {
			isa = PBXGroup;
			children = (
				CB172B4E21C6A2EE0068CF92 /* UIApplication+extension.swift */,
				CB172B4F21C6A2EE0068CF92 /* UIDevice+extension.swift */,
				CB172B5021C6A2EE0068CF92 /* UIColor+extension.swift */,
				CB172B5121C6A2EE0068CF92 /* Int+extension.swift */,
				CB172B5221C6A2EE0068CF92 /* UIWindow+extension.swift */,
				CB172B5321C6A2EE0068CF92 /* Date+extension.swift */,
				CB172B5421C6A2EE0068CF92 /* UIButton+extension.swift */,
				CB172B5521C6A2EE0068CF92 /* UIView+extension.swift */,
				CB172B5621C6A2EE0068CF92 /* UIImage+extension.swift */,
				CB172B5721C6A2EE0068CF92 /* Bundle+extension.swift */,
				CB172B5821C6A2EE0068CF92 /* Double+extension.swift */,
				CB172B5921C6A2EE0068CF92 /* UIViewController+extension.swift */,
				CB172B5A21C6A2EE0068CF92 /* String+extension.swift */,
				CB172B5B21C6A2EE0068CF92 /* NSMutableAttributedString+Extension.swift */,
				CB172B5C21C6A2EE0068CF92 /* Bool+extension.swift */,
				CB172B5D21C6A2EE0068CF92 /* UICollectionView+extension.swift */,
				CB172B5E21C6A2EE0068CF92 /* UITextField+extension.swift */,
				CB172B5F21C6A2EE0068CF92 /* UISearchBar+extension.swift */,
				CB172B6021C6A2EE0068CF92 /* UITableView+extension.swift */,
			);
			path = Extensions;
			sourceTree = "<group>";
		};
		CB172B6121C6A2EE0068CF92 /* BridgingHeader */ = {
			isa = PBXGroup;
			children = (
				CB172B6221C6A2EE0068CF92 /* DQHome-Bridging-Header.h */,
			);
			path = BridgingHeader;
			sourceTree = "<group>";
		};
		CB172B6321C6A2EE0068CF92 /* Helpers */ = {
			isa = PBXGroup;
			children = (
				CB172B6421C6A2EE0068CF92 /* FileManagerHelper.swift */,
				CB172B6521C6A2EE0068CF92 /* DataManager.swift */,
				CB172B6621C6A2EE0068CF92 /* PopUpNotificationHelper.swift */,
				CB172B6721C6A2EE0068CF92 /* UserDefaultHelper.swift */,
				CB172B6821C6A2EE0068CF92 /* LanguageHelper.swift */,
				CB172B6921C6A2EE0068CF92 /* PopUpHelper.swift */,
				CB172B6B21C6A2EE0068CF92 /* UserUtils.swift */,
				CB172B6C21C6A2EE0068CF92 /* AnimationHelper.swift */,
				CB172B6D21C6A2EE0068CF92 /* Utils.swift */,
			);
			path = Helpers;
			sourceTree = "<group>";
		};
		CB172BED21C6A2EF0068CF92 /* Fonts */ = {
			isa = PBXGroup;
			children = (
				84487C8221CB7890008B25B2 /* Roboto-Black.ttf */,
				84487C7B21CB788F008B25B2 /* Roboto-BlackItalic.ttf */,
				84487C7A21CB788F008B25B2 /* Roboto-Bold.ttf */,
				84487C7D21CB788F008B25B2 /* Roboto-BoldItalic.ttf */,
				84487C7C21CB788F008B25B2 /* Roboto-Italic.ttf */,
				84487C7E21CB788F008B25B2 /* Roboto-Light.ttf */,
				84487C8421CB7890008B25B2 /* Roboto-LightItalic.ttf */,
				84487C7F21CB788F008B25B2 /* Roboto-Medium.ttf */,
				84487C8021CB788F008B25B2 /* Roboto-MediumItalic.ttf */,
				84487C8321CB7890008B25B2 /* Roboto-Regular.ttf */,
				84487C8121CB788F008B25B2 /* Roboto-Thin.ttf */,
				84487C8521CB7890008B25B2 /* Roboto-ThinItalic.ttf */,
				CB172BEE21C6A2EF0068CF92 /* OpenSans-SemiBold.ttf */,
				CB172BEF21C6A2EF0068CF92 /* OpenSans-Light.ttf */,
				CB172BF021C6A2EF0068CF92 /* OpenSans-Italic.ttf */,
				CB172BF121C6A2EF0068CF92 /* OpenSans-ExtraBold.ttf */,
				CB172BF221C6A2EF0068CF92 /* OpenSans-LightItalic.ttf */,
				CB172BF321C6A2EF0068CF92 /* OpenSans-Bold.ttf */,
				CB172BF421C6A2EF0068CF92 /* OpenSans-SemiBoldItalic.ttf */,
				CB172BF521C6A2EF0068CF92 /* OpenSans-ExtraBoldItalic.ttf */,
				CB172BF621C6A2EF0068CF92 /* LICENSE.txt */,
				CB172BF721C6A2EF0068CF92 /* OpenSans-Regular.ttf */,
				CB172BF821C6A2EF0068CF92 /* OpenSans-BoldItalic.ttf */,
			);
			path = Fonts;
			sourceTree = "<group>";
		};
		CB172BF921C6A2EF0068CF92 /* Constants */ = {
			isa = PBXGroup;
			children = (
				CB172BFA21C6A2EF0068CF92 /* AppImage.swift */,
				CB172BFB21C6A2EF0068CF92 /* NotificationConstant.swift */,
				CB172BFC21C6A2EF0068CF92 /* AppString.swift */,
				CB172BFD21C6A2EF0068CF92 /* APIConstant.swift */,
				CB172BFE21C6A2EF0068CF92 /* ConstantStoryboard.swift */,
				CB172BFF21C6A2EF0068CF92 /* AppColor.swift */,
				CB172C0021C6A2EF0068CF92 /* Enum.swift */,
				CB172C0121C6A2EF0068CF92 /* AppFont.swift */,
			);
			path = Constants;
			sourceTree = "<group>";
		};
		CB172C0221C6A2EF0068CF92 /* Base */ = {
			isa = PBXGroup;
			children = (
				CB172C0321C6A2EF0068CF92 /* BaseViewController.swift */,
				CB172C0421C6A2EF0068CF92 /* BaseCollectionCell.swift */,
				CB172C0521C6A2EF0068CF92 /* BaseViewXib.swift */,
				CB172C0621C6A2EF0068CF92 /* BaseTableCell.swift */,
				CB172C0721C6A2EF0068CF92 /* BasePopUpView.swift */,
				CB172C0821C6A2EF0068CF92 /* BaseView.swift */,
			);
			path = Base;
			sourceTree = "<group>";
		};
		CB3A8F0121C64FC1008144BD = {
			isa = PBXGroup;
			children = (
				CB3A8F0C21C64FC1008144BD /* Oganban */,
				CB3A8F0B21C64FC1008144BD /* Products */,
				E2AA633E107A6A39005CFD05 /* Pods */,
				2D4ADFC1DB1592F9F3095C4D /* Frameworks */,
			);
			sourceTree = "<group>";
		};
		CB3A8F0B21C64FC1008144BD /* Products */ = {
			isa = PBXGroup;
			children = (
				CB3A8F0A21C64FC1008144BD /* Oganban.app */,
			);
			name = Products;
			sourceTree = "<group>";
		};
		CB3A8F0C21C64FC1008144BD /* Oganban */ = {
			isa = PBXGroup;
			children = (
				CB172B1B21C6A1520068CF92 /* Components */,
				84A92BEA21CA511D00148191 /* Entities */,
				CB172B1921C6A14B0068CF92 /* Services */,
				CB172B1821C6A1480068CF92 /* Modules */,
				CB3A8F0D21C64FC1008144BD /* AppDelegate.swift */,
				CB3A8F0F21C64FC1008144BD /* ViewController.swift */,
				CB3A8F1121C64FC1008144BD /* Main.storyboard */,
				CB3A8F1421C64FC1008144BD /* Assets.xcassets */,
				CB3A8F1621C64FC1008144BD /* LaunchScreen.storyboard */,
				CB3A8F1921C64FC1008144BD /* Info.plist */,
			);
			path = Oganban;
			sourceTree = "<group>";
		};
		E2AA633E107A6A39005CFD05 /* Pods */ = {
			isa = PBXGroup;
			children = (
				44208549B4287C06B154C85E /* Pods-Oganban.debug.xcconfig */,
				7D0CCCBE1CA6E502A84355A0 /* Pods-Oganban.release.xcconfig */,
			);
			name = Pods;
			sourceTree = "<group>";
		};
/* End PBXGroup section */

/* Begin PBXNativeTarget section */
		CB3A8F0921C64FC1008144BD /* Oganban */ = {
			isa = PBXNativeTarget;
			buildConfigurationList = CB3A8F1C21C64FC1008144BD /* Build configuration list for PBXNativeTarget "Oganban" */;
			buildPhases = (
				CB70D6125B59F98858A450E9 /* [CP] Check Pods Manifest.lock */,
				CB3A8F0621C64FC1008144BD /* Sources */,
				CB3A8F0721C64FC1008144BD /* Frameworks */,
				CB3A8F0821C64FC1008144BD /* Resources */,
				B65C24DC9E1DDAFDD1AAA906 /* [CP] Embed Pods Frameworks */,
				D2A72AF8FCEEE3915B94C4D1 /* [CP] Copy Pods Resources */,
			);
			buildRules = (
			);
			dependencies = (
			);
			name = Oganban;
			productName = Oganban;
			productReference = CB3A8F0A21C64FC1008144BD /* Oganban.app */;
			productType = "com.apple.product-type.application";
		};
/* End PBXNativeTarget section */

/* Begin PBXProject section */
		CB3A8F0221C64FC1008144BD /* Project object */ = {
			isa = PBXProject;
			attributes = {
				LastSwiftUpdateCheck = 1000;
				LastUpgradeCheck = 1000;
				ORGANIZATIONNAME = Coby;
				TargetAttributes = {
					CB3A8F0921C64FC1008144BD = {
						CreatedOnToolsVersion = 10.0;
					};
				};
			};
			buildConfigurationList = CB3A8F0521C64FC1008144BD /* Build configuration list for PBXProject "Oganban" */;
			compatibilityVersion = "Xcode 9.3";
			developmentRegion = en;
			hasScannedForEncodings = 0;
			knownRegions = (
				en,
				Base,
				vi,
			);
			mainGroup = CB3A8F0121C64FC1008144BD;
			productRefGroup = CB3A8F0B21C64FC1008144BD /* Products */;
			projectDirPath = "";
			projectRoot = "";
			targets = (
				CB3A8F0921C64FC1008144BD /* Oganban */,
			);
		};
/* End PBXProject section */

/* Begin PBXResourcesBuildPhase section */
		CB3A8F0821C64FC1008144BD /* Resources */ = {
			isa = PBXResourcesBuildPhase;
			buildActionMask = 2147483647;
			files = (
				CB172C0C21C6A2EF0068CF92 /* Localizable.strings in Resources */,
				84487C9121CB80F5008B25B2 /* Roboto-ThinItalic.ttf in Resources */,
				CB3A8F1821C64FC1008144BD /* LaunchScreen.storyboard in Resources */,
				CB172C8C21C6A2EF0068CF92 /* OpenSans-SemiBoldItalic.ttf in Resources */,
				84A92BFB21CA555900148191 /* LoginViewController.xib in Resources */,
				84487C8E21CB80DE008B25B2 /* Roboto-MediumItalic.ttf in Resources */,
				84487C8F21CB80E1008B25B2 /* Roboto-Regular.ttf in Resources */,
				84487C8C21CB80D7008B25B2 /* Roboto-LightItalic.ttf in Resources */,
				84421BFB21CBEF1E00F468F5 /* MoreCell.xib in Resources */,
				84487C8821CB7EA0008B25B2 /* Roboto-Bold.ttf in Resources */,
				84487C9021CB80F2008B25B2 /* Roboto-Thin.ttf in Resources */,
				CB172C8F21C6A2EF0068CF92 /* OpenSans-Regular.ttf in Resources */,
				B355EF6121C8FB1400379F57 /* SignUpViewController.xib in Resources */,
				CB172C9021C6A2EF0068CF92 /* OpenSans-BoldItalic.ttf in Resources */,
				84487C8621CB7E96008B25B2 /* Roboto-Black.ttf in Resources */,
				CB172C8B21C6A2EF0068CF92 /* OpenSans-Bold.ttf in Resources */,
				CB172C8E21C6A2EF0068CF92 /* LICENSE.txt in Resources */,
				84421BFE21CBEF7600F468F5 /* MoreViewController.xib in Resources */,
				84487C8721CB7E99008B25B2 /* Roboto-BlackItalic.ttf in Resources */,
				84487C8B21CB80D5008B25B2 /* Roboto-Light.ttf in Resources */,
				CB172C8921C6A2EF0068CF92 /* OpenSans-ExtraBold.ttf in Resources */,
				84487C8A21CB80D2008B25B2 /* Roboto-Italic.ttf in Resources */,
				CB172C8821C6A2EF0068CF92 /* OpenSans-Italic.ttf in Resources */,
				CB172C8D21C6A2EF0068CF92 /* OpenSans-ExtraBoldItalic.ttf in Resources */,
				CB3A8F1521C64FC1008144BD /* Assets.xcassets in Resources */,
				84421BFA21CBEF1E00F468F5 /* MoreHeaderCell.xib in Resources */,
				84487C8921CB7EA4008B25B2 /* Roboto-BoldItalic.ttf in Resources */,
				CB3A8F1321C64FC1008144BD /* Main.storyboard in Resources */,
				CB172C8621C6A2EF0068CF92 /* OpenSans-SemiBold.ttf in Resources */,
				B355EF5421C8EB3F00379F57 /* HomeViewController.xib in Resources */,
				CB172C8A21C6A2EF0068CF92 /* OpenSans-LightItalic.ttf in Resources */,
				CB172C0921C6A2EF0068CF92 /* PopUpNotificationContent.xib in Resources */,
				CB172C8721C6A2EF0068CF92 /* OpenSans-Light.ttf in Resources */,
				84487C8D21CB80DB008B25B2 /* Roboto-Medium.ttf in Resources */,
			);
			runOnlyForDeploymentPostprocessing = 0;
		};
/* End PBXResourcesBuildPhase section */

/* Begin PBXShellScriptBuildPhase section */
		B65C24DC9E1DDAFDD1AAA906 /* [CP] Embed Pods Frameworks */ = {
			isa = PBXShellScriptBuildPhase;
			buildActionMask = 2147483647;
			files = (
			);
			inputFileListPaths = (
			);
			inputPaths = (
				"${SRCROOT}/Pods/Target Support Files/Pods-Oganban/Pods-Oganban-frameworks.sh",
				"${BUILT_PRODUCTS_DIR}/Alamofire/Alamofire.framework",
				"${BUILT_PRODUCTS_DIR}/Bolts/Bolts.framework",
				"${BUILT_PRODUCTS_DIR}/CryptoSwift/CryptoSwift.framework",
				"${BUILT_PRODUCTS_DIR}/DropDown/DropDown.framework",
				"${BUILT_PRODUCTS_DIR}/FBSDKCoreKit/FBSDKCoreKit.framework",
				"${BUILT_PRODUCTS_DIR}/FBSDKLoginKit/FBSDKLoginKit.framework",
				"${BUILT_PRODUCTS_DIR}/GTMOAuth2/GTMOAuth2.framework",
				"${BUILT_PRODUCTS_DIR}/GTMSessionFetcher/GTMSessionFetcher.framework",
				"${BUILT_PRODUCTS_DIR}/GoogleToolboxForMac/GoogleToolboxForMac.framework",
				"${BUILT_PRODUCTS_DIR}/GoogleUtilities/GoogleUtilities.framework",
				"${BUILT_PRODUCTS_DIR}/IQKeyboardManagerSwift/IQKeyboardManagerSwift.framework",
				"${BUILT_PRODUCTS_DIR}/ImageSlideshow/ImageSlideshow.framework",
				"${BUILT_PRODUCTS_DIR}/ObjectMapper/ObjectMapper.framework",
				"${BUILT_PRODUCTS_DIR}/Protobuf/Protobuf.framework",
				"${BUILT_PRODUCTS_DIR}/SDWebImage/SDWebImage.framework",
				"${BUILT_PRODUCTS_DIR}/SwiftyJSON/SwiftyJSON.framework",
				"${BUILT_PRODUCTS_DIR}/nanopb/nanopb.framework",
			);
			name = "[CP] Embed Pods Frameworks";
			outputFileListPaths = (
			);
			outputPaths = (
				"${TARGET_BUILD_DIR}/${FRAMEWORKS_FOLDER_PATH}/Alamofire.framework",
				"${TARGET_BUILD_DIR}/${FRAMEWORKS_FOLDER_PATH}/Bolts.framework",
				"${TARGET_BUILD_DIR}/${FRAMEWORKS_FOLDER_PATH}/CryptoSwift.framework",
				"${TARGET_BUILD_DIR}/${FRAMEWORKS_FOLDER_PATH}/DropDown.framework",
				"${TARGET_BUILD_DIR}/${FRAMEWORKS_FOLDER_PATH}/FBSDKCoreKit.framework",
				"${TARGET_BUILD_DIR}/${FRAMEWORKS_FOLDER_PATH}/FBSDKLoginKit.framework",
				"${TARGET_BUILD_DIR}/${FRAMEWORKS_FOLDER_PATH}/GTMOAuth2.framework",
				"${TARGET_BUILD_DIR}/${FRAMEWORKS_FOLDER_PATH}/GTMSessionFetcher.framework",
				"${TARGET_BUILD_DIR}/${FRAMEWORKS_FOLDER_PATH}/GoogleToolboxForMac.framework",
				"${TARGET_BUILD_DIR}/${FRAMEWORKS_FOLDER_PATH}/GoogleUtilities.framework",
				"${TARGET_BUILD_DIR}/${FRAMEWORKS_FOLDER_PATH}/IQKeyboardManagerSwift.framework",
				"${TARGET_BUILD_DIR}/${FRAMEWORKS_FOLDER_PATH}/ImageSlideshow.framework",
				"${TARGET_BUILD_DIR}/${FRAMEWORKS_FOLDER_PATH}/ObjectMapper.framework",
				"${TARGET_BUILD_DIR}/${FRAMEWORKS_FOLDER_PATH}/Protobuf.framework",
				"${TARGET_BUILD_DIR}/${FRAMEWORKS_FOLDER_PATH}/SDWebImage.framework",
				"${TARGET_BUILD_DIR}/${FRAMEWORKS_FOLDER_PATH}/SwiftyJSON.framework",
				"${TARGET_BUILD_DIR}/${FRAMEWORKS_FOLDER_PATH}/nanopb.framework",
			);
			runOnlyForDeploymentPostprocessing = 0;
			shellPath = /bin/sh;
			shellScript = "\"${SRCROOT}/Pods/Target Support Files/Pods-Oganban/Pods-Oganban-frameworks.sh\"\n";
			showEnvVarsInLog = 0;
		};
		CB70D6125B59F98858A450E9 /* [CP] Check Pods Manifest.lock */ = {
			isa = PBXShellScriptBuildPhase;
			buildActionMask = 2147483647;
			files = (
			);
			inputFileListPaths = (
			);
			inputPaths = (
				"${PODS_PODFILE_DIR_PATH}/Podfile.lock",
				"${PODS_ROOT}/Manifest.lock",
			);
			name = "[CP] Check Pods Manifest.lock";
			outputFileListPaths = (
			);
			outputPaths = (
				"$(DERIVED_FILE_DIR)/Pods-Oganban-checkManifestLockResult.txt",
			);
			runOnlyForDeploymentPostprocessing = 0;
			shellPath = /bin/sh;
			shellScript = "diff \"${PODS_PODFILE_DIR_PATH}/Podfile.lock\" \"${PODS_ROOT}/Manifest.lock\" > /dev/null\nif [ $? != 0 ] ; then\n    # print error to STDERR\n    echo \"error: The sandbox is not in sync with the Podfile.lock. Run 'pod install' or update your CocoaPods installation.\" >&2\n    exit 1\nfi\n# This output is used by Xcode 'outputs' to avoid re-running this script phase.\necho \"SUCCESS\" > \"${SCRIPT_OUTPUT_FILE_0}\"\n";
			showEnvVarsInLog = 0;
		};
		D2A72AF8FCEEE3915B94C4D1 /* [CP] Copy Pods Resources */ = {
			isa = PBXShellScriptBuildPhase;
			buildActionMask = 2147483647;
			files = (
			);
			inputFileListPaths = (
			);
			inputPaths = (
				"${SRCROOT}/Pods/Target Support Files/Pods-Oganban/Pods-Oganban-resources.sh",
				"${PODS_ROOT}/GoogleMaps/Maps/Frameworks/GoogleMaps.framework/Resources/GoogleMaps.bundle",
				"${PODS_ROOT}/GooglePlaces/Frameworks/GooglePlaces.framework/Resources/GooglePlaces.bundle",
				"${PODS_ROOT}/GoogleSignIn/Resources/GoogleSignIn.bundle",
			);
			name = "[CP] Copy Pods Resources";
			outputFileListPaths = (
			);
			outputPaths = (
				"${TARGET_BUILD_DIR}/${UNLOCALIZED_RESOURCES_FOLDER_PATH}/GoogleMaps.bundle",
				"${TARGET_BUILD_DIR}/${UNLOCALIZED_RESOURCES_FOLDER_PATH}/GooglePlaces.bundle",
				"${TARGET_BUILD_DIR}/${UNLOCALIZED_RESOURCES_FOLDER_PATH}/GoogleSignIn.bundle",
			);
			runOnlyForDeploymentPostprocessing = 0;
			shellPath = /bin/sh;
			shellScript = "\"${SRCROOT}/Pods/Target Support Files/Pods-Oganban/Pods-Oganban-resources.sh\"\n";
			showEnvVarsInLog = 0;
		};
/* End PBXShellScriptBuildPhase section */

/* Begin PBXSourcesBuildPhase section */
		CB3A8F0621C64FC1008144BD /* Sources */ = {
			isa = PBXSourcesBuildPhase;
			buildActionMask = 2147483647;
			files = (
				CB172C9321C6A2EF0068CF92 /* AppString.swift in Sources */,
				CB172B3C21C6A26F0068CF92 /* MapperData.swift in Sources */,
				CB172C2121C6A2EF0068CF92 /* DataManager.swift in Sources */,
				84A92BEE21CA518200148191 /* OganbanCustomButton.swift in Sources */,
				B355EF5321C8EB3F00379F57 /* HomeInteractor.swift in Sources */,
				CB172C0E21C6A2EF0068CF92 /* UIDevice+extension.swift in Sources */,
				B355EF5021C8EB3F00379F57 /* HomeRouter.swift in Sources */,
				CB172C9521C6A2EF0068CF92 /* ConstantStoryboard.swift in Sources */,
				CB172C9921C6A2EF0068CF92 /* BaseViewController.swift in Sources */,
				CB172C1621C6A2EF0068CF92 /* Bundle+extension.swift in Sources */,
				B355EF4F21C8EB3F00379F57 /* HomePresenter.swift in Sources */,
				84A92BF921CA555900148191 /* LoginProtocols.swift in Sources */,
				CB172C9721C6A2EF0068CF92 /* Enum.swift in Sources */,
				B355EF5F21C8FB1400379F57 /* SignUpProtocols.swift in Sources */,
				CB172C1221C6A2EF0068CF92 /* Date+extension.swift in Sources */,
				B355EF6021C8FB1400379F57 /* SignUpInteractor.swift in Sources */,
				CB172B3B21C6A26F0068CF92 /* Network.swift in Sources */,
				CB172C0D21C6A2EF0068CF92 /* UIApplication+extension.swift in Sources */,
				CB172C1721C6A2EF0068CF92 /* Double+extension.swift in Sources */,
				B355EF5E21C8FB1400379F57 /* SignUpViewController.swift in Sources */,
				84421BF821CBEF1E00F468F5 /* MoreCell.swift in Sources */,
				CB172B2F21C6A22A0068CF92 /* BaseParam.swift in Sources */,
				CB172C1321C6A2EF0068CF92 /* UIButton+extension.swift in Sources */,
				CB172C9121C6A2EF0068CF92 /* AppImage.swift in Sources */,
				CB172B4021C6A2A20068CF92 /* Provider.swift in Sources */,
				CB172C2821C6A2EF0068CF92 /* AnimationHelper.swift in Sources */,
				B355EF5121C8EB3F00379F57 /* HomeViewController.swift in Sources */,
				CB172C2721C6A2EF0068CF92 /* UserUtils.swift in Sources */,
				CB172C0B21C6A2EF0068CF92 /* PopUpNotification.swift in Sources */,
				CB172B3D21C6A26F0068CF92 /* NetworkRequest.swift in Sources */,
				84A92BF821CA555900148191 /* LoginViewController.swift in Sources */,
				CB172C1521C6A2EF0068CF92 /* UIImage+extension.swift in Sources */,
				CB3A8F1021C64FC1008144BD /* ViewController.swift in Sources */,
				B355EF5221C8EB3F00379F57 /* HomeProtocols.swift in Sources */,
				CB172C2521C6A2EF0068CF92 /* PopUpHelper.swift in Sources */,
				84421BF921CBEF1E00F468F5 /* MoreHeaderCell.swift in Sources */,
				84A92BF721CA555900148191 /* LoginRouter.swift in Sources */,
				84421BEE21CBEECF00F468F5 /* MoreRouter.swift in Sources */,
				B355EF5D21C8FB1400379F57 /* SignUpRouter.swift in Sources */,
				CB172C2321C6A2EF0068CF92 /* UserDefaultHelper.swift in Sources */,
				CB172C1421C6A2EF0068CF92 /* UIView+extension.swift in Sources */,
				CB172C9B21C6A2EF0068CF92 /* BaseViewXib.swift in Sources */,
				B355EF5C21C8FB1400379F57 /* SignUpPresenter.swift in Sources */,
				CB172C1921C6A2EF0068CF92 /* String+extension.swift in Sources */,
				CB172C1B21C6A2EF0068CF92 /* Bool+extension.swift in Sources */,
				CB172C2921C6A2EF0068CF92 /* Utils.swift in Sources */,
				CB172C1E21C6A2EF0068CF92 /* UISearchBar+extension.swift in Sources */,
				84A92BFA21CA555900148191 /* LoginInteractor.swift in Sources */,
				CB172C9221C6A2EF0068CF92 /* NotificationConstant.swift in Sources */,
				84421BF121CBEECF00F468F5 /* MoreInteractor.swift in Sources */,
				84421BED21CBEECF00F468F5 /* MorePresenter.swift in Sources */,
				CB172C1A21C6A2EF0068CF92 /* NSMutableAttributedString+Extension.swift in Sources */,
				CB172B3A21C6A26F0068CF92 /* BaseResponse.swift in Sources */,
				CB172C1C21C6A2EF0068CF92 /* UICollectionView+extension.swift in Sources */,
				CB172C9821C6A2EF0068CF92 /* AppFont.swift in Sources */,
				CB172C9C21C6A2EF0068CF92 /* BaseTableCell.swift in Sources */,
				CB172C9E21C6A2EF0068CF92 /* BaseView.swift in Sources */,
				CB172C9421C6A2EF0068CF92 /* APIConstant.swift in Sources */,
				CB172C2421C6A2EF0068CF92 /* LanguageHelper.swift in Sources */,
				CB172B2E21C6A22A0068CF92 /* DeviceGenericParam.swift in Sources */,
				84421BF021CBEECF00F468F5 /* MoreProtocols.swift in Sources */,
				CB172C2021C6A2EF0068CF92 /* FileManagerHelper.swift in Sources */,
				84A92BED21CA518200148191 /* OganbanCustomTextfield.swift in Sources */,
				CB172C9D21C6A2EF0068CF92 /* BasePopUpView.swift in Sources */,
				CB172C1821C6A2EF0068CF92 /* UIViewController+extension.swift in Sources */,
				CB172C9A21C6A2EF0068CF92 /* BaseCollectionCell.swift in Sources */,
				CB172C1D21C6A2EF0068CF92 /* UITextField+extension.swift in Sources */,
				CB172C2221C6A2EF0068CF92 /* PopUpNotificationHelper.swift in Sources */,
				CB172C1F21C6A2EF0068CF92 /* UITableView+extension.swift in Sources */,
				84421BFF21CBEF7600F468F5 /* MoreViewController.swift in Sources */,
				CB3A8F0E21C64FC1008144BD /* AppDelegate.swift in Sources */,
				84A92BF621CA555900148191 /* LoginPresenter.swift in Sources */,
				CB172C1021C6A2EF0068CF92 /* Int+extension.swift in Sources */,
				CB172C1121C6A2EF0068CF92 /* UIWindow+extension.swift in Sources */,
				CB172C9621C6A2EF0068CF92 /* AppColor.swift in Sources */,
				CB172B4321C6A2AA0068CF92 /* EndPointType.swift in Sources */,
				CB172C0F21C6A2EF0068CF92 /* UIColor+extension.swift in Sources */,
				CB172B3921C6A26F0068CF92 /* APIError.swift in Sources */,
				CB172C0A21C6A2EF0068CF92 /* PopUpNotificationContent.swift in Sources */,
			);
			runOnlyForDeploymentPostprocessing = 0;
		};
/* End PBXSourcesBuildPhase section */

/* Begin PBXVariantGroup section */
		CB172B4A21C6A2EE0068CF92 /* Localizable.strings */ = {
			isa = PBXVariantGroup;
			children = (
				CB172B4B21C6A2EE0068CF92 /* en */,
				CB172B4C21C6A2EE0068CF92 /* vi */,
			);
			name = Localizable.strings;
			sourceTree = "<group>";
		};
		CB3A8F1121C64FC1008144BD /* Main.storyboard */ = {
			isa = PBXVariantGroup;
			children = (
				CB3A8F1221C64FC1008144BD /* Base */,
			);
			name = Main.storyboard;
			sourceTree = "<group>";
		};
		CB3A8F1621C64FC1008144BD /* LaunchScreen.storyboard */ = {
			isa = PBXVariantGroup;
			children = (
				CB3A8F1721C64FC1008144BD /* Base */,
			);
			name = LaunchScreen.storyboard;
			sourceTree = "<group>";
		};
/* End PBXVariantGroup section */

/* Begin XCBuildConfiguration section */
		CB3A8F1A21C64FC1008144BD /* Debug */ = {
			isa = XCBuildConfiguration;
			buildSettings = {
				ALWAYS_SEARCH_USER_PATHS = NO;
				CLANG_ANALYZER_NONNULL = YES;
				CLANG_ANALYZER_NUMBER_OBJECT_CONVERSION = YES_AGGRESSIVE;
				CLANG_CXX_LANGUAGE_STANDARD = "gnu++14";
				CLANG_CXX_LIBRARY = "libc++";
				CLANG_ENABLE_MODULES = YES;
				CLANG_ENABLE_OBJC_ARC = YES;
				CLANG_ENABLE_OBJC_WEAK = YES;
				CLANG_WARN_BLOCK_CAPTURE_AUTORELEASING = YES;
				CLANG_WARN_BOOL_CONVERSION = YES;
				CLANG_WARN_COMMA = YES;
				CLANG_WARN_CONSTANT_CONVERSION = YES;
				CLANG_WARN_DEPRECATED_OBJC_IMPLEMENTATIONS = YES;
				CLANG_WARN_DIRECT_OBJC_ISA_USAGE = YES_ERROR;
				CLANG_WARN_DOCUMENTATION_COMMENTS = YES;
				CLANG_WARN_EMPTY_BODY = YES;
				CLANG_WARN_ENUM_CONVERSION = YES;
				CLANG_WARN_INFINITE_RECURSION = YES;
				CLANG_WARN_INT_CONVERSION = YES;
				CLANG_WARN_NON_LITERAL_NULL_CONVERSION = YES;
				CLANG_WARN_OBJC_IMPLICIT_RETAIN_SELF = YES;
				CLANG_WARN_OBJC_LITERAL_CONVERSION = YES;
				CLANG_WARN_OBJC_ROOT_CLASS = YES_ERROR;
				CLANG_WARN_RANGE_LOOP_ANALYSIS = YES;
				CLANG_WARN_STRICT_PROTOTYPES = YES;
				CLANG_WARN_SUSPICIOUS_MOVE = YES;
				CLANG_WARN_UNGUARDED_AVAILABILITY = YES_AGGRESSIVE;
				CLANG_WARN_UNREACHABLE_CODE = YES;
				CLANG_WARN__DUPLICATE_METHOD_MATCH = YES;
				CODE_SIGN_IDENTITY = "iPhone Developer";
				COPY_PHASE_STRIP = NO;
				DEBUG_INFORMATION_FORMAT = dwarf;
				ENABLE_STRICT_OBJC_MSGSEND = YES;
				ENABLE_TESTABILITY = YES;
				GCC_C_LANGUAGE_STANDARD = gnu11;
				GCC_DYNAMIC_NO_PIC = NO;
				GCC_NO_COMMON_BLOCKS = YES;
				GCC_OPTIMIZATION_LEVEL = 0;
				GCC_PREPROCESSOR_DEFINITIONS = (
					"DEBUG=1",
					"$(inherited)",
				);
				GCC_WARN_64_TO_32_BIT_CONVERSION = YES;
				GCC_WARN_ABOUT_RETURN_TYPE = YES_ERROR;
				GCC_WARN_UNDECLARED_SELECTOR = YES;
				GCC_WARN_UNINITIALIZED_AUTOS = YES_AGGRESSIVE;
				GCC_WARN_UNUSED_FUNCTION = YES;
				GCC_WARN_UNUSED_VARIABLE = YES;
				IPHONEOS_DEPLOYMENT_TARGET = 12.0;
				MTL_ENABLE_DEBUG_INFO = INCLUDE_SOURCE;
				MTL_FAST_MATH = YES;
				ONLY_ACTIVE_ARCH = YES;
				SDKROOT = iphoneos;
				SWIFT_ACTIVE_COMPILATION_CONDITIONS = DEBUG;
				SWIFT_OPTIMIZATION_LEVEL = "-Onone";
			};
			name = Debug;
		};
		CB3A8F1B21C64FC1008144BD /* Release */ = {
			isa = XCBuildConfiguration;
			buildSettings = {
				ALWAYS_SEARCH_USER_PATHS = NO;
				CLANG_ANALYZER_NONNULL = YES;
				CLANG_ANALYZER_NUMBER_OBJECT_CONVERSION = YES_AGGRESSIVE;
				CLANG_CXX_LANGUAGE_STANDARD = "gnu++14";
				CLANG_CXX_LIBRARY = "libc++";
				CLANG_ENABLE_MODULES = YES;
				CLANG_ENABLE_OBJC_ARC = YES;
				CLANG_ENABLE_OBJC_WEAK = YES;
				CLANG_WARN_BLOCK_CAPTURE_AUTORELEASING = YES;
				CLANG_WARN_BOOL_CONVERSION = YES;
				CLANG_WARN_COMMA = YES;
				CLANG_WARN_CONSTANT_CONVERSION = YES;
				CLANG_WARN_DEPRECATED_OBJC_IMPLEMENTATIONS = YES;
				CLANG_WARN_DIRECT_OBJC_ISA_USAGE = YES_ERROR;
				CLANG_WARN_DOCUMENTATION_COMMENTS = YES;
				CLANG_WARN_EMPTY_BODY = YES;
				CLANG_WARN_ENUM_CONVERSION = YES;
				CLANG_WARN_INFINITE_RECURSION = YES;
				CLANG_WARN_INT_CONVERSION = YES;
				CLANG_WARN_NON_LITERAL_NULL_CONVERSION = YES;
				CLANG_WARN_OBJC_IMPLICIT_RETAIN_SELF = YES;
				CLANG_WARN_OBJC_LITERAL_CONVERSION = YES;
				CLANG_WARN_OBJC_ROOT_CLASS = YES_ERROR;
				CLANG_WARN_RANGE_LOOP_ANALYSIS = YES;
				CLANG_WARN_STRICT_PROTOTYPES = YES;
				CLANG_WARN_SUSPICIOUS_MOVE = YES;
				CLANG_WARN_UNGUARDED_AVAILABILITY = YES_AGGRESSIVE;
				CLANG_WARN_UNREACHABLE_CODE = YES;
				CLANG_WARN__DUPLICATE_METHOD_MATCH = YES;
				CODE_SIGN_IDENTITY = "iPhone Developer";
				COPY_PHASE_STRIP = NO;
				DEBUG_INFORMATION_FORMAT = "dwarf-with-dsym";
				ENABLE_NS_ASSERTIONS = NO;
				ENABLE_STRICT_OBJC_MSGSEND = YES;
				GCC_C_LANGUAGE_STANDARD = gnu11;
				GCC_NO_COMMON_BLOCKS = YES;
				GCC_WARN_64_TO_32_BIT_CONVERSION = YES;
				GCC_WARN_ABOUT_RETURN_TYPE = YES_ERROR;
				GCC_WARN_UNDECLARED_SELECTOR = YES;
				GCC_WARN_UNINITIALIZED_AUTOS = YES_AGGRESSIVE;
				GCC_WARN_UNUSED_FUNCTION = YES;
				GCC_WARN_UNUSED_VARIABLE = YES;
				IPHONEOS_DEPLOYMENT_TARGET = 12.0;
				MTL_ENABLE_DEBUG_INFO = NO;
				MTL_FAST_MATH = YES;
				SDKROOT = iphoneos;
				SWIFT_COMPILATION_MODE = wholemodule;
				SWIFT_OPTIMIZATION_LEVEL = "-O";
				VALIDATE_PRODUCT = YES;
			};
			name = Release;
		};
		CB3A8F1D21C64FC1008144BD /* Debug */ = {
			isa = XCBuildConfiguration;
			baseConfigurationReference = 44208549B4287C06B154C85E /* Pods-Oganban.debug.xcconfig */;
			buildSettings = {
				ASSETCATALOG_COMPILER_APPICON_NAME = AppIcon;
				CODE_SIGN_STYLE = Automatic;
				INFOPLIST_FILE = Oganban/Info.plist;
				LD_RUNPATH_SEARCH_PATHS = (
					"$(inherited)",
					"@executable_path/Frameworks",
				);
				PRODUCT_BUNDLE_IDENTIFIER = com.coby.Oganban;
				PRODUCT_NAME = "$(TARGET_NAME)";
				SWIFT_VERSION = 4.2;
				TARGETED_DEVICE_FAMILY = "1,2";
			};
			name = Debug;
		};
		CB3A8F1E21C64FC1008144BD /* Release */ = {
			isa = XCBuildConfiguration;
			baseConfigurationReference = 7D0CCCBE1CA6E502A84355A0 /* Pods-Oganban.release.xcconfig */;
			buildSettings = {
				ASSETCATALOG_COMPILER_APPICON_NAME = AppIcon;
				CODE_SIGN_STYLE = Automatic;
				INFOPLIST_FILE = Oganban/Info.plist;
				LD_RUNPATH_SEARCH_PATHS = (
					"$(inherited)",
					"@executable_path/Frameworks",
				);
				PRODUCT_BUNDLE_IDENTIFIER = com.coby.Oganban;
				PRODUCT_NAME = "$(TARGET_NAME)";
				SWIFT_VERSION = 4.2;
				TARGETED_DEVICE_FAMILY = "1,2";
			};
			name = Release;
		};
/* End XCBuildConfiguration section */

/* Begin XCConfigurationList section */
		CB3A8F0521C64FC1008144BD /* Build configuration list for PBXProject "Oganban" */ = {
			isa = XCConfigurationList;
			buildConfigurations = (
				CB3A8F1A21C64FC1008144BD /* Debug */,
				CB3A8F1B21C64FC1008144BD /* Release */,
			);
			defaultConfigurationIsVisible = 0;
			defaultConfigurationName = Release;
		};
		CB3A8F1C21C64FC1008144BD /* Build configuration list for PBXNativeTarget "Oganban" */ = {
			isa = XCConfigurationList;
			buildConfigurations = (
				CB3A8F1D21C64FC1008144BD /* Debug */,
				CB3A8F1E21C64FC1008144BD /* Release */,
			);
			defaultConfigurationIsVisible = 0;
			defaultConfigurationName = Release;
		};
/* End XCConfigurationList section */
	};
	rootObject = CB3A8F0221C64FC1008144BD /* Project object */;
}
